// !$*UTF8*$!
{
	archiveVersion = 1;
	classes = {
	};
	objectVersion = 77;
	objects = {

/* Begin PBXBuildFile section */
		FF1001072F981A9800CBFFFE /* AppDelegate.swift in Sources */ = {isa = PBXBuildFile; fileRef = FF1001062F981A9800CBFFFE /* AppDelegate.swift */; };
		FF1001092F981A9800CBFFFE /* SceneDelegate.swift in Sources */ = {isa = PBXBuildFile; fileRef = FF1001082F981A9800CBFFFE /* SceneDelegate.swift */; };
		FF10010C2F981A9800CBFFFE /* LaunchScreen.storyboard in Resources */ = {isa = PBXBuildFile; fileRef = FF10010A2F981A9800CBFFFE /* LaunchScreen.storyboard */; };
		FF10010F2F981A9800CBFFFE /* Main.storyboard in Resources */ = {isa = PBXBuildFile; fileRef = FF10010D2F981A9800CBFFFE /* Main.storyboard */; };
		FF1001182F981A9800CBFFFE /* AppDelegate.swift in Sources */ = {isa = PBXBuildFile; fileRef = FF1001172F981A9800CBFFFE /* AppDelegate.swift */; };
		FF10011B2F981A9800CBFFFE /* Main.storyboard in Resources */ = {isa = PBXBuildFile; fileRef = FF1001192F981A9800CBFFFE /* Main.storyboard */; };
		FF1001222F981A9800CBFFFE /* FontSource Extension.appex in Embed Foundation Extensions */ = {isa = PBXBuildFile; fileRef = FF1001212F981A9800CBFFFE /* FontSource Extension.appex */; settings = {ATTRIBUTES = (RemoveHeadersOnCopy, ); }; };
		FF10012C2F981A9800CBFFFE /* FontSource Extension.appex in Embed Foundation Extensions */ = {isa = PBXBuildFile; fileRef = FF10012B2F981A9800CBFFFE /* FontSource Extension.appex */; settings = {ATTRIBUTES = (RemoveHeadersOnCopy, ); }; };
		FF1001312F981A9800CBFFFE /* Main.html in Resources */ = {isa = PBXBuildFile; fileRef = FF1000F62F981A9600CBFFFE /* Main.html */; };
		FF1001322F981A9800CBFFFE /* Main.html in Resources */ = {isa = PBXBuildFile; fileRef = FF1000F62F981A9600CBFFFE /* Main.html */; };
		FF1001332F981A9800CBFFFE /* Icon.png in Resources */ = {isa = PBXBuildFile; fileRef = FF1000F82F981A9600CBFFFE /* Icon.png */; };
		FF1001342F981A9800CBFFFE /* Icon.png in Resources */ = {isa = PBXBuildFile; fileRef = FF1000F82F981A9600CBFFFE /* Icon.png */; };
		FF1001352F981A9800CBFFFE /* Style.css in Resources */ = {isa = PBXBuildFile; fileRef = FF1000F92F981A9600CBFFFE /* Style.css */; };
		FF1001362F981A9800CBFFFE /* Style.css in Resources */ = {isa = PBXBuildFile; fileRef = FF1000F92F981A9600CBFFFE /* Style.css */; };
		FF1001372F981A9800CBFFFE /* Script.js in Resources */ = {isa = PBXBuildFile; fileRef = FF1000FA2F981A9600CBFFFE /* Script.js */; };
		FF1001382F981A9800CBFFFE /* Script.js in Resources */ = {isa = PBXBuildFile; fileRef = FF1000FA2F981A9600CBFFFE /* Script.js */; };
		FF1001392F981A9800CBFFFE /* ViewController.swift in Sources */ = {isa = PBXBuildFile; fileRef = FF1000FB2F981A9600CBFFFE /* ViewController.swift */; };
		FF10013A2F981A9800CBFFFE /* ViewController.swift in Sources */ = {isa = PBXBuildFile; fileRef = FF1000FB2F981A9600CBFFFE /* ViewController.swift */; };
		FF10013B2F981A9800CBFFFE /* Assets.xcassets in Resources */ = {isa = PBXBuildFile; fileRef = FF1000FC2F981A9800CBFFFE /* Assets.xcassets */; };
		FF10013C2F981A9800CBFFFE /* Assets.xcassets in Resources */ = {isa = PBXBuildFile; fileRef = FF1000FC2F981A9800CBFFFE /* Assets.xcassets */; };
		FF10013D2F981A9800CBFFFE /* SafariWebExtensionHandler.swift in Sources */ = {isa = PBXBuildFile; fileRef = FF1000FE2F981A9800CBFFFE /* SafariWebExtensionHandler.swift */; };
		FF10013E2F981A9800CBFFFE /* SafariWebExtensionHandler.swift in Sources */ = {isa = PBXBuildFile; fileRef = FF1000FE2F981A9800CBFFFE /* SafariWebExtensionHandler.swift */; };
		FF1001572F981A9800CBFFFE /* settings in Resources */ = {isa = PBXBuildFile; fileRef = FF1001502F981A9800CBFFFE /* settings */; };
		FF1001582F981A9800CBFFFE /* popup in Resources */ = {isa = PBXBuildFile; fileRef = FF1001512F981A9800CBFFFE /* popup */; };
		FF1001592F981A9800CBFFFE /* background.js in Resources */ = {isa = PBXBuildFile; fileRef = FF1001522F981A9800CBFFFE /* background.js */; };
		FF10015A2F981A9800CBFFFE /* icons in Resources */ = {isa = PBXBuildFile; fileRef = FF1001532F981A9800CBFFFE /* icons */; };
		FF10015B2F981A9800CBFFFE /* manifest.json in Resources */ = {isa = PBXBuildFile; fileRef = FF1001542F981A9800CBFFFE /* manifest.json */; };
		FF10015C2F981A9800CBFFFE /* lib in Resources */ = {isa = PBXBuildFile; fileRef = FF1001552F981A9800CBFFFE /* lib */; };
		FF10015D2F981A9800CBFFFE /* content.js in Resources */ = {isa = PBXBuildFile; fileRef = FF1001562F981A9800CBFFFE /* content.js */; };
		FF10015E2F981A9800CBFFFE /* settings in Resources */ = {isa = PBXBuildFile; fileRef = FF1001502F981A9800CBFFFE /* settings */; };
		FF10015F2F981A9800CBFFFE /* popup in Resources */ = {isa = PBXBuildFile; fileRef = FF1001512F981A9800CBFFFE /* popup */; };
		FF1001602F981A9800CBFFFE /* background.js in Resources */ = {isa = PBXBuildFile; fileRef = FF1001522F981A9800CBFFFE /* background.js */; };
		FF1001612F981A9800CBFFFE /* icons in Resources */ = {isa = PBXBuildFile; fileRef = FF1001532F981A9800CBFFFE /* icons */; };
		FF1001622F981A9800CBFFFE /* manifest.json in Resources */ = {isa = PBXBuildFile; fileRef = FF1001542F981A9800CBFFFE /* manifest.json */; };
		FF1001632F981A9800CBFFFE /* lib in Resources */ = {isa = PBXBuildFile; fileRef = FF1001552F981A9800CBFFFE /* lib */; };
		FF1001642F981A9800CBFFFE /* content.js in Resources */ = {isa = PBXBuildFile; fileRef = FF1001562F981A9800CBFFFE /* content.js */; };
/* End PBXBuildFile section */

/* Begin PBXContainerItemProxy section */
		FF1001232F981A9800CBFFFE /* PBXContainerItemProxy */ = {
			isa = PBXContainerItemProxy;
			containerPortal = FF1000F02F981A9600CBFFFE /* Project object */;
			proxyType = 1;
			remoteGlobalIDString = FF1001202F981A9800CBFFFE;
			remoteInfo = "FontSource Extension (iOS)";
		};
		FF10012D2F981A9800CBFFFE /* PBXContainerItemProxy */ = {
			isa = PBXContainerItemProxy;
			containerPortal = FF1000F02F981A9600CBFFFE /* Project object */;
			proxyType = 1;
			remoteGlobalIDString = FF10012A2F981A9800CBFFFE;
			remoteInfo = "FontSource Extension (macOS)";
		};
/* End PBXContainerItemProxy section */

/* Begin PBXCopyFilesBuildPhase section */
		FF1001442F981A9800CBFFFE /* Embed Foundation Extensions */ = {
			isa = PBXCopyFilesBuildPhase;
			buildActionMask = 2147483647;
			dstPath = "";
			dstSubfolderSpec = 13;
			files = (
				FF1001222F981A9800CBFFFE /* FontSource Extension.appex in Embed Foundation Extensions */,
			);
			name = "Embed Foundation Extensions";
			runOnlyForDeploymentPostprocessing = 0;
		};
		FF10014B2F981A9800CBFFFE /* Embed Foundation Extensions */ = {
			isa = PBXCopyFilesBuildPhase;
			buildActionMask = 2147483647;
			dstPath = "";
			dstSubfolderSpec = 13;
			files = (
				FF10012C2F981A9800CBFFFE /* FontSource Extension.appex in Embed Foundation Extensions */,
			);
			name = "Embed Foundation Extensions";
			runOnlyForDeploymentPostprocessing = 0;
		};
/* End PBXCopyFilesBuildPhase section */

/* Begin PBXFileReference section */
		FF1000F72F981A9600CBFFFE /* Base */ = {isa = PBXFileReference; lastKnownFileType = text.html; name = Base; path = Base.lproj/Main.html; sourceTree = "<group>"; };
		FF1000F82F981A9600CBFFFE /* Icon.png */ = {isa = PBXFileReference; lastKnownFileType = image.png; path = Icon.png; sourceTree = "<group>"; };
		FF1000F92F981A9600CBFFFE /* Style.css */ = {isa = PBXFileReference; lastKnownFileType = text.css; path = Style.css; sourceTree = "<group>"; };
		FF1000FA2F981A9600CBFFFE /* Script.js */ = {isa = PBXFileReference; lastKnownFileType = sourcecode.javascript; path = Script.js; sourceTree = "<group>"; };
		FF1000FB2F981A9600CBFFFE /* ViewController.swift */ = {isa = PBXFileReference; lastKnownFileType = sourcecode.swift; path = ViewController.swift; sourceTree = "<group>"; };
		FF1000FC2F981A9800CBFFFE /* Assets.xcassets */ = {isa = PBXFileReference; lastKnownFileType = folder.assetcatalog; path = Assets.xcassets; sourceTree = "<group>"; };
		FF1000FE2F981A9800CBFFFE /* SafariWebExtensionHandler.swift */ = {isa = PBXFileReference; lastKnownFileType = sourcecode.swift; path = SafariWebExtensionHandler.swift; sourceTree = "<group>"; };
		FF1001032F981A9800CBFFFE /* FontSource.app */ = {isa = PBXFileReference; explicitFileType = wrapper.application; includeInIndex = 0; path = FontSource.app; sourceTree = BUILT_PRODUCTS_DIR; };
		FF1001062F981A9800CBFFFE /* AppDelegate.swift */ = {isa = PBXFileReference; lastKnownFileType = sourcecode.swift; path = AppDelegate.swift; sourceTree = "<group>"; };
		FF1001082F981A9800CBFFFE /* SceneDelegate.swift */ = {isa = PBXFileReference; lastKnownFileType = sourcecode.swift; path = SceneDelegate.swift; sourceTree = "<group>"; };
		FF10010B2F981A9800CBFFFE /* Base */ = {isa = PBXFileReference; lastKnownFileType = file.storyboard; name = Base; path = Base.lproj/LaunchScreen.storyboard; sourceTree = "<group>"; };
		FF10010E2F981A9800CBFFFE /* Base */ = {isa = PBXFileReference; lastKnownFileType = file.storyboard; name = Base; path = Base.lproj/Main.storyboard; sourceTree = "<group>"; };
		FF1001102F981A9800CBFFFE /* Info.plist */ = {isa = PBXFileReference; lastKnownFileType = text.plist.xml; path = Info.plist; sourceTree = "<group>"; };
		FF1001152F981A9800CBFFFE /* FontSource.app */ = {isa = PBXFileReference; explicitFileType = wrapper.application; includeInIndex = 0; path = FontSource.app; sourceTree = BUILT_PRODUCTS_DIR; };
		FF1001172F981A9800CBFFFE /* AppDelegate.swift */ = {isa = PBXFileReference; lastKnownFileType = sourcecode.swift; path = AppDelegate.swift; sourceTree = "<group>"; };
		FF10011A2F981A9800CBFFFE /* Base */ = {isa = PBXFileReference; lastKnownFileType = file.storyboard; name = Base; path = Base.lproj/Main.storyboard; sourceTree = "<group>"; };
		FF10011C2F981A9800CBFFFE /* Info.plist */ = {isa = PBXFileReference; lastKnownFileType = text.plist.xml; path = Info.plist; sourceTree = "<group>"; };
		FF1001212F981A9800CBFFFE /* FontSource Extension.appex */ = {isa = PBXFileReference; explicitFileType = "wrapper.app-extension"; includeInIndex = 0; path = "FontSource Extension.appex"; sourceTree = BUILT_PRODUCTS_DIR; };
		FF1001262F981A9800CBFFFE /* Info.plist */ = {isa = PBXFileReference; lastKnownFileType = text.plist.xml; path = Info.plist; sourceTree = "<group>"; };
		FF10012B2F981A9800CBFFFE /* FontSource Extension.appex */ = {isa = PBXFileReference; explicitFileType = "wrapper.app-extension"; includeInIndex = 0; path = "FontSource Extension.appex"; sourceTree = BUILT_PRODUCTS_DIR; };
		FF1001302F981A9800CBFFFE /* Info.plist */ = {isa = PBXFileReference; lastKnownFileType = text.plist.xml; path = Info.plist; sourceTree = "<group>"; };
		FF1001502F981A9800CBFFFE /* settings */ = {isa = PBXFileReference; lastKnownFileType = folder; name = settings; path = Resources/settings; sourceTree = "<group>"; };
		FF1001512F981A9800CBFFFE /* popup */ = {isa = PBXFileReference; lastKnownFileType = folder; name = popup; path = Resources/popup; sourceTree = "<group>"; };
		FF1001522F981A9800CBFFFE /* background.js */ = {isa = PBXFileReference; lastKnownFileType = sourcecode.javascript; name = background.js; path = Resources/background.js; sourceTree = "<group>"; };
		FF1001532F981A9800CBFFFE /* icons */ = {isa = PBXFileReference; lastKnownFileType = folder; name = icons; path = Resources/icons; sourceTree = "<group>"; };
		FF1001542F981A9800CBFFFE /* manifest.json */ = {isa = PBXFileReference; lastKnownFileType = text.json; name = manifest.json; path = Resources/manifest.json; sourceTree = "<group>"; };
		FF1001552F981A9800CBFFFE /* lib */ = {isa = PBXFileReference; lastKnownFileType = folder; name = lib; path = Resources/lib; sourceTree = "<group>"; };
		FF1001562F981A9800CBFFFE /* content.js */ = {isa = PBXFileReference; lastKnownFileType = sourcecode.javascript; name = content.js; path = Resources/content.js; sourceTree = "<group>"; };
/* End PBXFileReference section */

/* Begin PBXFrameworksBuildPhase section */
		FF1001002F981A9800CBFFFE /* Frameworks */ = {
			isa = PBXFrameworksBuildPhase;
			buildActionMask = 2147483647;
			files = (
			);
			runOnlyForDeploymentPostprocessing = 0;
		};
		FF1001122F981A9800CBFFFE /* Frameworks */ = {
			isa = PBXFrameworksBuildPhase;
			buildActionMask = 2147483647;
			files = (
			);
			runOnlyForDeploymentPostprocessing = 0;
		};
		FF10011E2F981A9800CBFFFE /* Frameworks */ = {
			isa = PBXFrameworksBuildPhase;
			buildActionMask = 2147483647;
			files = (
			);
			runOnlyForDeploymentPostprocessing = 0;
		};
		FF1001282F981A9800CBFFFE /* Frameworks */ = {
			isa = PBXFrameworksBuildPhase;
			buildActionMask = 2147483647;
			files = (
			);
			runOnlyForDeploymentPostprocessing = 0;
		};
/* End PBXFrameworksBuildPhase section */

/* Begin PBXGroup section */
		FF1000EF2F981A9600CBFFFE = {
			isa = PBXGroup;
			children = (
				FF1000F42F981A9600CBFFFE /* Shared (App) */,
				FF1000FD2F981A9800CBFFFE /* Shared (Extension) */,
				FF1001052F981A9800CBFFFE /* iOS (App) */,
				FF1001162F981A9800CBFFFE /* macOS (App) */,
				FF1001252F981A9800CBFFFE /* iOS (Extension) */,
				FF10012F2F981A9800CBFFFE /* macOS (Extension) */,
				FF1001042F981A9800CBFFFE /* Products */,
			);
			sourceTree = "<group>";
		};
		FF1000F42F981A9600CBFFFE /* Shared (App) */ = {
			isa = PBXGroup;
			children = (
				FF1000FB2F981A9600CBFFFE /* ViewController.swift */,
				FF1000FC2F981A9800CBFFFE /* Assets.xcassets */,
				FF1000F52F981A9600CBFFFE /* Resources */,
			);
			path = "Shared (App)";
			sourceTree = "<group>";
		};
		FF1000F52F981A9600CBFFFE /* Resources */ = {
			isa = PBXGroup;
			children = (
				FF1000F62F981A9600CBFFFE /* Main.html */,
				FF1000F82F981A9600CBFFFE /* Icon.png */,
				FF1000F92F981A9600CBFFFE /* Style.css */,
				FF1000FA2F981A9600CBFFFE /* Script.js */,
			);
			path = Resources;
			sourceTree = "<group>";
		};
		FF1000FD2F981A9800CBFFFE /* Shared (Extension) */ = {
			isa = PBXGroup;
			children = (
				FF10014F2F981A9800CBFFFE /* Resources */,
				FF1000FE2F981A9800CBFFFE /* SafariWebExtensionHandler.swift */,
			);
			path = "Shared (Extension)";
			sourceTree = "<group>";
		};
		FF1001042F981A9800CBFFFE /* Products */ = {
			isa = PBXGroup;
			children = (
				FF1001032F981A9800CBFFFE /* FontSource.app */,
				FF1001152F981A9800CBFFFE /* FontSource.app */,
				FF1001212F981A9800CBFFFE /* FontSource Extension.appex */,
				FF10012B2F981A9800CBFFFE /* FontSource Extension.appex */,
			);
			name = Products;
			sourceTree = "<group>";
		};
		FF1001052F981A9800CBFFFE /* iOS (App) */ = {
			isa = PBXGroup;
			children = (
				FF1001062F981A9800CBFFFE /* AppDelegate.swift */,
				FF1001082F981A9800CBFFFE /* SceneDelegate.swift */,
				FF10010A2F981A9800CBFFFE /* LaunchScreen.storyboard */,
				FF10010D2F981A9800CBFFFE /* Main.storyboard */,
				FF1001102F981A9800CBFFFE /* Info.plist */,
			);
			path = "iOS (App)";
			sourceTree = "<group>";
		};
		FF1001162F981A9800CBFFFE /* macOS (App) */ = {
			isa = PBXGroup;
			children = (
				FF1001172F981A9800CBFFFE /* AppDelegate.swift */,
				FF1001192F981A9800CBFFFE /* Main.storyboard */,
				FF10011C2F981A9800CBFFFE /* Info.plist */,
			);
			path = "macOS (App)";
			sourceTree = "<group>";
		};
		FF1001252F981A9800CBFFFE /* iOS (Extension) */ = {
			isa = PBXGroup;
			children = (
				FF1001262F981A9800CBFFFE /* Info.plist */,
			);
			path = "iOS (Extension)";
			sourceTree = "<group>";
		};
		FF10012F2F981A9800CBFFFE /* macOS (Extension) */ = {
			isa = PBXGroup;
			children = (
				FF1001302F981A9800CBFFFE /* Info.plist */,
			);
			path = "macOS (Extension)";
			sourceTree = "<group>";
		};
		FF10014F2F981A9800CBFFFE /* Resources */ = {
			isa = PBXGroup;
			children = (
				FF1001502F981A9800CBFFFE /* settings */,
				FF1001512F981A9800CBFFFE /* popup */,
				FF1001522F981A9800CBFFFE /* background.js */,
				FF1001532F981A9800CBFFFE /* icons */,
				FF1001542F981A9800CBFFFE /* manifest.json */,
				FF1001552F981A9800CBFFFE /* lib */,
				FF1001562F981A9800CBFFFE /* content.js */,
			);
			name = Resources;
			path = "Shared (Extension)";
			sourceTree = SOURCE_ROOT;
		};
/* End PBXGroup section */

/* Begin PBXNativeTarget section */
		FF1001022F981A9800CBFFFE /* FontSource (iOS) */ = {
			isa = PBXNativeTarget;
			buildConfigurationList = FF1001452F981A9800CBFFFE /* Build configuration list for PBXNativeTarget "FontSource (iOS)" */;
			buildPhases = (
				FF1000FF2F981A9800CBFFFE /* Sources */,
				FF1001002F981A9800CBFFFE /* Frameworks */,
				FF1001012F981A9800CBFFFE /* Resources */,
				FF1001442F981A9800CBFFFE /* Embed Foundation Extensions */,
			);
			buildRules = (
			);
			dependencies = (
				FF1001242F981A9800CBFFFE /* PBXTargetDependency */,
			);
			name = "FontSource (iOS)";
			packageProductDependencies = (
			);
			productName = "FontSource (iOS)";
			productReference = FF1001032F981A9800CBFFFE /* FontSource.app */;
			productType = "com.apple.product-type.application";
		};
		FF1001142F981A9800CBFFFE /* FontSource (macOS) */ = {
			isa = PBXNativeTarget;
			buildConfigurationList = FF10014C2F981A9800CBFFFE /* Build configuration list for PBXNativeTarget "FontSource (macOS)" */;
			buildPhases = (
				FF1001112F981A9800CBFFFE /* Sources */,
				FF1001122F981A9800CBFFFE /* Frameworks */,
				FF1001132F981A9800CBFFFE /* Resources */,
				FF10014B2F981A9800CBFFFE /* Embed Foundation Extensions */,
			);
			buildRules = (
			);
			dependencies = (
				FF10012E2F981A9800CBFFFE /* PBXTargetDependency */,
			);
			name = "FontSource (macOS)";
			packageProductDependencies = (
			);
			productName = "FontSource (macOS)";
			productReference = FF1001152F981A9800CBFFFE /* FontSource.app */;
			productType = "com.apple.product-type.application";
		};
		FF1001202F981A9800CBFFFE /* FontSource Extension (iOS) */ = {
			isa = PBXNativeTarget;
			buildConfigurationList = FF1001412F981A9800CBFFFE /* Build configuration list for PBXNativeTarget "FontSource Extension (iOS)" */;
			buildPhases = (
				FF10011D2F981A9800CBFFFE /* Sources */,
				FF10011E2F981A9800CBFFFE /* Frameworks */,
				FF10011F2F981A9800CBFFFE /* Resources */,
			);
			buildRules = (
			);
			dependencies = (
			);
			name = "FontSource Extension (iOS)";
			packageProductDependencies = (
			);
			productName = "FontSource Extension (iOS)";
			productReference = FF1001212F981A9800CBFFFE /* FontSource Extension.appex */;
			productType = "com.apple.product-type.app-extension";
		};
		FF10012A2F981A9800CBFFFE /* FontSource Extension (macOS) */ = {
			isa = PBXNativeTarget;
			buildConfigurationList = FF1001482F981A9800CBFFFE /* Build configuration list for PBXNativeTarget "FontSource Extension (macOS)" */;
			buildPhases = (
				FF1001272F981A9800CBFFFE /* Sources */,
				FF1001282F981A9800CBFFFE /* Frameworks */,
				FF1001292F981A9800CBFFFE /* Resources */,
			);
			buildRules = (
			);
			dependencies = (
			);
			name = "FontSource Extension (macOS)";
			packageProductDependencies = (
			);
			productName = "FontSource Extension (macOS)";
			productReference = FF10012B2F981A9800CBFFFE /* FontSource Extension.appex */;
			productType = "com.apple.product-type.app-extension";
		};
/* End PBXNativeTarget section */

/* Begin PBXProject section */
		FF1000F02F981A9600CBFFFE /* Project object */ = {
			isa = PBXProject;
			attributes = {
				BuildIndependentTargetsInParallel = 1;
				LastSwiftUpdateCheck = 2640;
				LastUpgradeCheck = 2640;
				TargetAttributes = {
					FF1001022F981A9800CBFFFE = {
						CreatedOnToolsVersion = 26.4.1;
					};
					FF1001142F981A9800CBFFFE = {
						CreatedOnToolsVersion = 26.4.1;
					};
					FF1001202F981A9800CBFFFE = {
						CreatedOnToolsVersion = 26.4.1;
					};
					FF10012A2F981A9800CBFFFE = {
						CreatedOnToolsVersion = 26.4.1;
					};
				};
			};
			buildConfigurationList = FF1000F32F981A9600CBFFFE /* Build configuration list for PBXProject "FontSource" */;
			developmentRegion = en;
			hasScannedForEncodings = 0;
			knownRegions = (
				en,
				Base,
			);
			mainGroup = FF1000EF2F981A9600CBFFFE;
			minimizedProjectReferenceProxies = 1;
			preferredProjectObjectVersion = 77;
			productRefGroup = FF1001042F981A9800CBFFFE /* Products */;
			projectDirPath = "";
			projectRoot = "";
			targets = (
				FF1001022F981A9800CBFFFE /* FontSource (iOS) */,
				FF1001142F981A9800CBFFFE /* FontSource (macOS) */,
				FF1001202F981A9800CBFFFE /* FontSource Extension (iOS) */,
				FF10012A2F981A9800CBFFFE /* FontSource Extension (macOS) */,
			);
		};
/* End PBXProject section */

/* Begin PBXResourcesBuildPhase section */
		FF1001012F981A9800CBFFFE /* Resources */ = {
			isa = PBXResourcesBuildPhase;
			buildActionMask = 2147483647;
			files = (
				FF1001332F981A9800CBFFFE /* Icon.png in Resources */,
				FF10010C2F981A9800CBFFFE /* LaunchScreen.storyboard in Resources */,
				FF1001312F981A9800CBFFFE /* Main.html in Resources */,
				FF1001372F981A9800CBFFFE /* Script.js in Resources */,
				FF10013B2F981A9800CBFFFE /* Assets.xcassets in Resources */,
				FF10010F2F981A9800CBFFFE /* Main.storyboard in Resources */,
				FF1001352F981A9800CBFFFE /* Style.css in Resources */,
			);
			runOnlyForDeploymentPostprocessing = 0;
		};
		FF1001132F981A9800CBFFFE /* Resources */ = {
			isa = PBXResourcesBuildPhase;
			buildActionMask = 2147483647;
			files = (
				FF1001342F981A9800CBFFFE /* Icon.png in Resources */,
				FF1001362F981A9800CBFFFE /* Style.css in Resources */,
				FF10011B2F981A9800CBFFFE /* Main.storyboard in Resources */,
				FF1001382F981A9800CBFFFE /* Script.js in Resources */,
				FF10013C2F981A9800CBFFFE /* Assets.xcassets in Resources */,
				FF1001322F981A9800CBFFFE /* Main.html in Resources */,
			);
			runOnlyForDeploymentPostprocessing = 0;
		};
		FF10011F2F981A9800CBFFFE /* Resources */ = {
			isa = PBXResourcesBuildPhase;
			buildActionMask = 2147483647;
			files = (
				FF1001632F981A9800CBFFFE /* lib in Resources */,
				FF10015E2F981A9800CBFFFE /* settings in Resources */,
				FF1001612F981A9800CBFFFE /* icons in Resources */,
				FF1001622F981A9800CBFFFE /* manifest.json in Resources */,
				FF1001602F981A9800CBFFFE /* background.js in Resources */,
				FF1001642F981A9800CBFFFE /* content.js in Resources */,
				FF10015F2F981A9800CBFFFE /* popup in Resources */,
			);
			runOnlyForDeploymentPostprocessing = 0;
		};
		FF1001292F981A9800CBFFFE /* Resources */ = {
			isa = PBXResourcesBuildPhase;
			buildActionMask = 2147483647;
			files = (
				FF10015C2F981A9800CBFFFE /* lib in Resources */,
				FF1001572F981A9800CBFFFE /* settings in Resources */,
				FF10015A2F981A9800CBFFFE /* icons in Resources */,
				FF10015B2F981A9800CBFFFE /* manifest.json in Resources */,
				FF1001592F981A9800CBFFFE /* background.js in Resources */,
				FF10015D2F981A9800CBFFFE /* content.js in Resources */,
				FF1001582F981A9800CBFFFE /* popup in Resources */,
			);
			runOnlyForDeploymentPostprocessing = 0;
		};
/* End PBXResourcesBuildPhase section */

/* Begin PBXSourcesBuildPhase section */
		FF1000FF2F981A9800CBFFFE /* Sources */ = {
			isa = PBXSourcesBuildPhase;
			buildActionMask = 2147483647;
			files = (
				FF1001392F981A9800CBFFFE /* ViewController.swift in Sources */,
				FF1001072F981A9800CBFFFE /* AppDelegate.swift in Sources */,
				FF1001092F981A9800CBFFFE /* SceneDelegate.swift in Sources */,
			);
			runOnlyForDeploymentPostprocessing = 0;
		};
		FF1001112F981A9800CBFFFE /* Sources */ = {
			isa = PBXSourcesBuildPhase;
			buildActionMask = 2147483647;
			files = (
				FF10013A2F981A9800CBFFFE /* ViewController.swift in Sources */,
				FF1001182F981A9800CBFFFE /* AppDelegate.swift in Sources */,
			);
			runOnlyForDeploymentPostprocessing = 0;
		};
		FF10011D2F981A9800CBFFFE /* Sources */ = {
			isa = PBXSourcesBuildPhase;
			buildActionMask = 2147483647;
			files = (
				FF10013D2F981A9800CBFFFE /* SafariWebExtensionHandler.swift in Sources */,
			);
			runOnlyForDeploymentPostprocessing = 0;
		};
		FF1001272F981A9800CBFFFE /* Sources */ = {
			isa = PBXSourcesBuildPhase;
			buildActionMask = 2147483647;
			files = (
				FF10013E2F981A9800CBFFFE /* SafariWebExtensionHandler.swift in Sources */,
			);
			runOnlyForDeploymentPostprocessing = 0;
		};
/* End PBXSourcesBuildPhase section */

/* Begin PBXTargetDependency section */
		FF1001242F981A9800CBFFFE /* PBXTargetDependency */ = {
			isa = PBXTargetDependency;
			target = FF1001202F981A9800CBFFFE /* FontSource Extension (iOS) */;
			targetProxy = FF1001232F981A9800CBFFFE /* PBXContainerItemProxy */;
		};
		FF10012E2F981A9800CBFFFE /* PBXTargetDependency */ = {
			isa = PBXTargetDependency;
			target = FF10012A2F981A9800CBFFFE /* FontSource Extension (macOS) */;
			targetProxy = FF10012D2F981A9800CBFFFE /* PBXContainerItemProxy */;
		};
/* End PBXTargetDependency section */

/* Begin PBXVariantGroup section */
		FF1000F62F981A9600CBFFFE /* Main.html */ = {
			isa = PBXVariantGroup;
			children = (
				FF1000F72F981A9600CBFFFE /* Base */,
			);
			name = Main.html;
			sourceTree = "<group>";
		};
		FF10010A2F981A9800CBFFFE /* LaunchScreen.storyboard */ = {
			isa = PBXVariantGroup;
			children = (
				FF10010B2F981A9800CBFFFE /* Base */,
			);
			name = LaunchScreen.storyboard;
			sourceTree = "<group>";
		};
		FF10010D2F981A9800CBFFFE /* Main.storyboard */ = {
			isa = PBXVariantGroup;
			children = (
				FF10010E2F981A9800CBFFFE /* Base */,
			);
			name = Main.storyboard;
			sourceTree = "<group>";
		};
		FF1001192F981A9800CBFFFE /* Main.storyboard */ = {
			isa = PBXVariantGroup;
			children = (
				FF10011A2F981A9800CBFFFE /* Base */,
			);
			name = Main.storyboard;
			sourceTree = "<group>";
		};
/* End PBXVariantGroup section */

/* Begin XCBuildConfiguration section */
		FF10013F2F981A9800CBFFFE /* Debug */ = {
			isa = XCBuildConfiguration;
			buildSettings = {
				ALWAYS_SEARCH_USER_PATHS = NO;
				ASSETCATALOG_COMPILER_GENERATE_SWIFT_ASSET_SYMBOL_EXTENSIONS = YES;
				CLANG_ANALYZER_NONNULL = YES;
				CLANG_ANALYZER_NUMBER_OBJECT_CONVERSION = YES_AGGRESSIVE;
				CLANG_CXX_LANGUAGE_STANDARD = "gnu++20";
				CLANG_ENABLE_MODULES = YES;
				CLANG_ENABLE_OBJC_ARC = YES;
				CLANG_ENABLE_OBJC_WEAK = YES;
				CLANG_WARN_BLOCK_CAPTURE_AUTORELEASING = YES;
				CLANG_WARN_BOOL_CONVERSION = YES;
				CLANG_WARN_COMMA = YES;
				CLANG_WARN_CONSTANT_CONVERSION = YES;
				CLANG_WARN_DEPRECATED_OBJC_IMPLEMENTATIONS = YES;
				CLANG_WARN_DIRECT_OBJC_ISA_USAGE = YES_ERROR;
				CLANG_WARN_DOCUMENTATION_COMMENTS = YES;
				CLANG_WARN_EMPTY_BODY = YES;
				CLANG_WARN_ENUM_CONVERSION = YES;
				CLANG_WARN_INFINITE_RECURSION = YES;
				CLANG_WARN_INT_CONVERSION = YES;
				CLANG_WARN_NON_LITERAL_NULL_CONVERSION = YES;
				CLANG_WARN_OBJC_IMPLICIT_RETAIN_SELF = YES;
				CLANG_WARN_OBJC_LITERAL_CONVERSION = YES;
				CLANG_WARN_OBJC_ROOT_CLASS = YES_ERROR;
				CLANG_WARN_QUOTED_INCLUDE_IN_FRAMEWORK_HEADER = YES;
				CLANG_WARN_RANGE_LOOP_ANALYSIS = YES;
				CLANG_WARN_STRICT_PROTOTYPES = YES;
				CLANG_WARN_SUSPICIOUS_MOVE = YES;
				CLANG_WARN_UNGUARDED_AVAILABILITY = YES_AGGRESSIVE;
				CLANG_WARN_UNREACHABLE_CODE = YES;
				CLANG_WARN__DUPLICATE_METHOD_MATCH = YES;
				COPY_PHASE_STRIP = NO;
				DEBUG_INFORMATION_FORMAT = dwarf;
				ENABLE_STRICT_OBJC_MSGSEND = YES;
				ENABLE_TESTABILITY = YES;
				ENABLE_USER_SCRIPT_SANDBOXING = YES;
				GCC_C_LANGUAGE_STANDARD = gnu17;
				GCC_DYNAMIC_NO_PIC = NO;
				GCC_NO_COMMON_BLOCKS = YES;
				GCC_OPTIMIZATION_LEVEL = 0;
				GCC_PREPROCESSOR_DEFINITIONS = (
					"DEBUG=1",
					"$(inherited)",
				);
				GCC_WARN_64_TO_32_BIT_CONVERSION = YES;
				GCC_WARN_ABOUT_RETURN_TYPE = YES_ERROR;
				GCC_WARN_UNDECLARED_SELECTOR = YES;
				GCC_WARN_UNINITIALIZED_AUTOS = YES_AGGRESSIVE;
				GCC_WARN_UNUSED_FUNCTION = YES;
				GCC_WARN_UNUSED_VARIABLE = YES;
				LOCALIZATION_PREFERS_STRING_CATALOGS = YES;
				MTL_ENABLE_DEBUG_INFO = INCLUDE_SOURCE;
				MTL_FAST_MATH = YES;
				ONLY_ACTIVE_ARCH = YES;
				SWIFT_ACTIVE_COMPILATION_CONDITIONS = "DEBUG $(inherited)";
				SWIFT_OPTIMIZATION_LEVEL = "-Onone";
			};
			name = Debug;
		};
		FF1001402F981A9800CBFFFE /* Release */ = {
			isa = XCBuildConfiguration;
			buildSettings = {
				ALWAYS_SEARCH_USER_PATHS = NO;
				ASSETCATALOG_COMPILER_GENERATE_SWIFT_ASSET_SYMBOL_EXTENSIONS = YES;
				CLANG_ANALYZER_NONNULL = YES;
				CLANG_ANALYZER_NUMBER_OBJECT_CONVERSION = YES_AGGRESSIVE;
				CLANG_CXX_LANGUAGE_STANDARD = "gnu++20";
				CLANG_ENABLE_MODULES = YES;
				CLANG_ENABLE_OBJC_ARC = YES;
				CLANG_ENABLE_OBJC_WEAK = YES;
				CLANG_WARN_BLOCK_CAPTURE_AUTORELEASING = YES;
				CLANG_WARN_BOOL_CONVERSION = YES;
				CLANG_WARN_COMMA = YES;
				CLANG_WARN_CONSTANT_CONVERSION = YES;
				CLANG_WARN_DEPRECATED_OBJC_IMPLEMENTATIONS = YES;
				CLANG_WARN_DIRECT_OBJC_ISA_USAGE = YES_ERROR;
				CLANG_WARN_DOCUMENTATION_COMMENTS = YES;
				CLANG_WARN_EMPTY_BODY = YES;
				CLANG_WARN_ENUM_CONVERSION = YES;
				CLANG_WARN_INFINITE_RECURSION = YES;
				CLANG_WARN_INT_CONVERSION = YES;
				CLANG_WARN_NON_LITERAL_NULL_CONVERSION = YES;
				CLANG_WARN_OBJC_IMPLICIT_RETAIN_SELF = YES;
				CLANG_WARN_OBJC_LITERAL_CONVERSION = YES;
				CLANG_WARN_OBJC_ROOT_CLASS = YES_ERROR;
				CLANG_WARN_QUOTED_INCLUDE_IN_FRAMEWORK_HEADER = YES;
				CLANG_WARN_RANGE_LOOP_ANALYSIS = YES;
				CLANG_WARN_STRICT_PROTOTYPES = YES;
				CLANG_WARN_SUSPICIOUS_MOVE = YES;
				CLANG_WARN_UNGUARDED_AVAILABILITY = YES_AGGRESSIVE;
				CLANG_WARN_UNREACHABLE_CODE = YES;
				CLANG_WARN__DUPLICATE_METHOD_MATCH = YES;
				COPY_PHASE_STRIP = NO;
				DEBUG_INFORMATION_FORMAT = "dwarf-with-dsym";
				ENABLE_NS_ASSERTIONS = NO;
				ENABLE_STRICT_OBJC_MSGSEND = YES;
				ENABLE_USER_SCRIPT_SANDBOXING = YES;
				GCC_C_LANGUAGE_STANDARD = gnu17;
				GCC_NO_COMMON_BLOCKS = YES;
				GCC_WARN_64_TO_32_BIT_CONVERSION = YES;
				GCC_WARN_ABOUT_RETURN_TYPE = YES_ERROR;
				GCC_WARN_UNDECLARED_SELECTOR = YES;
				GCC_WARN_UNINITIALIZED_AUTOS = YES_AGGRESSIVE;
				GCC_WARN_UNUSED_FUNCTION = YES;
				GCC_WARN_UNUSED_VARIABLE = YES;
				LOCALIZATION_PREFERS_STRING_CATALOGS = YES;
				MTL_ENABLE_DEBUG_INFO = NO;
				MTL_FAST_MATH = YES;
				SWIFT_COMPILATION_MODE = wholemodule;
			};
			name = Release;
		};
		FF1001422F981A9800CBFFFE /* Debug */ = {
			isa = XCBuildConfiguration;
			buildSettings = {
				CODE_SIGN_STYLE = Automatic;
				CURRENT_PROJECT_VERSION = 1;
				GENERATE_INFOPLIST_FILE = YES;
				INFOPLIST_FILE = "iOS (Extension)/Info.plist";
				INFOPLIST_KEY_CFBundleDisplayName = "FontSource Extension";
				INFOPLIST_KEY_NSHumanReadableCopyright = "";
				IPHONEOS_DEPLOYMENT_TARGET = 15.0;
				LD_RUNPATH_SEARCH_PATHS = (
					"$(inherited)",
					"@executable_path/Frameworks",
					"@executable_path/../../Frameworks",
				);
				MARKETING_VERSION = 1.0;
				OTHER_LDFLAGS = (
					"-framework",
					SafariServices,
				);
				PRODUCT_BUNDLE_IDENTIFIER = com.raminfiroozye.FontSource.Extension;
				PRODUCT_NAME = "FontSource Extension";
				SDKROOT = iphoneos;
				SKIP_INSTALL = YES;
				STRING_CATALOG_GENERATE_SYMBOLS = YES;
				SWIFT_APPROACHABLE_CONCURRENCY = YES;
				SWIFT_EMIT_LOC_STRINGS = YES;
				SWIFT_UPCOMING_FEATURE_MEMBER_IMPORT_VISIBILITY = YES;
				SWIFT_VERSION = 5.0;
				TARGETED_DEVICE_FAMILY = "1,2";
			};
			name = Debug;
		};
		FF1001432F981A9800CBFFFE /* Release */ = {
			isa = XCBuildConfiguration;
			buildSettings = {
				CODE_SIGN_STYLE = Automatic;
				CURRENT_PROJECT_VERSION = 1;
				GENERATE_INFOPLIST_FILE = YES;
				INFOPLIST_FILE = "iOS (Extension)/Info.plist";
				INFOPLIST_KEY_CFBundleDisplayName = "FontSource Extension";
				INFOPLIST_KEY_NSHumanReadableCopyright = "";
				IPHONEOS_DEPLOYMENT_TARGET = 15.0;
				LD_RUNPATH_SEARCH_PATHS = (
					"$(inherited)",
					"@executable_path/Frameworks",
					"@executable_path/../../Frameworks",
				);
				MARKETING_VERSION = 1.0;
				OTHER_LDFLAGS = (
					"-framework",
					SafariServices,
				);
				PRODUCT_BUNDLE_IDENTIFIER = com.raminfiroozye.FontSource.Extension;
				PRODUCT_NAME = "FontSource Extension";
				SDKROOT = iphoneos;
				SKIP_INSTALL = YES;
				STRING_CATALOG_GENERATE_SYMBOLS = YES;
				SWIFT_APPROACHABLE_CONCURRENCY = YES;
				SWIFT_EMIT_LOC_STRINGS = YES;
				SWIFT_UPCOMING_FEATURE_MEMBER_IMPORT_VISIBILITY = YES;
				SWIFT_VERSION = 5.0;
				TARGETED_DEVICE_FAMILY = "1,2";
				VALIDATE_PRODUCT = YES;
			};
			name = Release;
		};
		FF1001462F981A9800CBFFFE /* Debug */ = {
			isa = XCBuildConfiguration;
			buildSettings = {
				ASSETCATALOG_COMPILER_APPICON_NAME = AppIcon;
				ASSETCATALOG_COMPILER_GLOBAL_ACCENT_COLOR_NAME = AccentColor;
				CODE_SIGN_STYLE = Automatic;
				CURRENT_PROJECT_VERSION = 1;
				GENERATE_INFOPLIST_FILE = YES;
				INFOPLIST_FILE = "iOS (App)/Info.plist";
				INFOPLIST_KEY_CFBundleDisplayName = FontSource;
				INFOPLIST_KEY_UIApplicationSupportsIndirectInputEvents = YES;
				INFOPLIST_KEY_UILaunchStoryboardName = LaunchScreen;
				INFOPLIST_KEY_UIMainStoryboardFile = Main;
				INFOPLIST_KEY_UISupportedInterfaceOrientations = "UIInterfaceOrientationPortrait UIInterfaceOrientationLandscapeLeft UIInterfaceOrientationLandscapeRight";
				INFOPLIST_KEY_UISupportedInterfaceOrientations_iPad = "UIInterfaceOrientationPortrait UIInterfaceOrientationPortraitUpsideDown UIInterfaceOrientationLandscapeLeft UIInterfaceOrientationLandscapeRight";
				IPHONEOS_DEPLOYMENT_TARGET = 15.0;
				LD_RUNPATH_SEARCH_PATHS = (
					"$(inherited)",
					"@executable_path/Frameworks",
				);
				MARKETING_VERSION = 1.0;
				OTHER_LDFLAGS = (
					"-framework",
					SafariServices,
					"-framework",
					WebKit,
				);
				PRODUCT_BUNDLE_IDENTIFIER = com.raminfiroozye.FontSource;
				PRODUCT_NAME = FontSource;
				SDKROOT = iphoneos;
				STRING_CATALOG_GENERATE_SYMBOLS = YES;
				SWIFT_APPROACHABLE_CONCURRENCY = YES;
				SWIFT_DEFAULT_ACTOR_ISOLATION = MainActor;
				SWIFT_EMIT_LOC_STRINGS = YES;
				SWIFT_UPCOMING_FEATURE_MEMBER_IMPORT_VISIBILITY = YES;
				SWIFT_VERSION = 5.0;
				TARGETED_DEVICE_FAMILY = "1,2";
			};
			name = Debug;
		};
		FF1001472F981A9800CBFFFE /* Release */ = {
			isa = XCBuildConfiguration;
			buildSettings = {
				ASSETCATALOG_COMPILER_APPICON_NAME = AppIcon;
				ASSETCATALOG_COMPILER_GLOBAL_ACCENT_COLOR_NAME = AccentColor;
				CODE_SIGN_STYLE = Automatic;
				CURRENT_PROJECT_VERSION = 1;
				GENERATE_INFOPLIST_FILE = YES;
				INFOPLIST_FILE = "iOS (App)/Info.plist";
				INFOPLIST_KEY_CFBundleDisplayName = FontSource;
				INFOPLIST_KEY_UIApplicationSupportsIndirectInputEvents = YES;
				INFOPLIST_KEY_UILaunchStoryboardName = LaunchScreen;
				INFOPLIST_KEY_UIMainStoryboardFile = Main;
				INFOPLIST_KEY_UISupportedInterfaceOrientations = "UIInterfaceOrientationPortrait UIInterfaceOrientationLandscapeLeft UIInterfaceOrientationLandscapeRight";
				INFOPLIST_KEY_UISupportedInterfaceOrientations_iPad = "UIInterfaceOrientationPortrait UIInterfaceOrientationPortraitUpsideDown UIInterfaceOrientationLandscapeLeft UIInterfaceOrientationLandscapeRight";
				IPHONEOS_DEPLOYMENT_TARGET = 15.0;
				LD_RUNPATH_SEARCH_PATHS = (
					"$(inherited)",
					"@executable_path/Frameworks",
				);
				MARKETING_VERSION = 1.0;
				OTHER_LDFLAGS = (
					"-framework",
					SafariServices,
					"-framework",
					WebKit,
				);
				PRODUCT_BUNDLE_IDENTIFIER = com.raminfiroozye.FontSource;
				PRODUCT_NAME = FontSource;
				SDKROOT = iphoneos;
				STRING_CATALOG_GENERATE_SYMBOLS = YES;
				SWIFT_APPROACHABLE_CONCURRENCY = YES;
				SWIFT_DEFAULT_ACTOR_ISOLATION = MainActor;
				SWIFT_EMIT_LOC_STRINGS = YES;
				SWIFT_UPCOMING_FEATURE_MEMBER_IMPORT_VISIBILITY = YES;
				SWIFT_VERSION = 5.0;
				TARGETED_DEVICE_FAMILY = "1,2";
				VALIDATE_PRODUCT = YES;
			};
			name = Release;
		};
		FF1001492F981A9800CBFFFE /* Debug */ = {
			isa = XCBuildConfiguration;
			buildSettings = {
				CODE_SIGN_STYLE = Automatic;
				CURRENT_PROJECT_VERSION = 1;
				ENABLE_APP_SANDBOX = YES;
				ENABLE_HARDENED_RUNTIME = YES;
				ENABLE_USER_SELECTED_FILES = readonly;
				GENERATE_INFOPLIST_FILE = YES;
				INFOPLIST_FILE = "macOS (Extension)/Info.plist";
				INFOPLIST_KEY_CFBundleDisplayName = "FontSource Extension";
				INFOPLIST_KEY_NSHumanReadableCopyright = "";
				LD_RUNPATH_SEARCH_PATHS = (
					"$(inherited)",
					"@executable_path/../Frameworks",
					"@executable_path/../../../../Frameworks",
				);
				MACOSX_DEPLOYMENT_TARGET = 10.14;
				MARKETING_VERSION = 1.0;
				OTHER_LDFLAGS = (
					"-framework",
					SafariServices,
				);
				PRODUCT_BUNDLE_IDENTIFIER = com.raminfiroozye.FontSource.Extension;
				PRODUCT_NAME = "FontSource Extension";
				SDKROOT = macosx;
				SKIP_INSTALL = YES;
				STRING_CATALOG_GENERATE_SYMBOLS = YES;
				SWIFT_APPROACHABLE_CONCURRENCY = YES;
				SWIFT_EMIT_LOC_STRINGS = YES;
				SWIFT_UPCOMING_FEATURE_MEMBER_IMPORT_VISIBILITY = YES;
				SWIFT_VERSION = 5.0;
			};
			name = Debug;
		};
		FF10014A2F981A9800CBFFFE /* Release */ = {
			isa = XCBuildConfiguration;
			buildSettings = {
				CODE_SIGN_STYLE = Automatic;
				CURRENT_PROJECT_VERSION = 1;
				ENABLE_APP_SANDBOX = YES;
				ENABLE_HARDENED_RUNTIME = YES;
				ENABLE_USER_SELECTED_FILES = readonly;
				GENERATE_INFOPLIST_FILE = YES;
				INFOPLIST_FILE = "macOS (Extension)/Info.plist";
				INFOPLIST_KEY_CFBundleDisplayName = "FontSource Extension";
				INFOPLIST_KEY_NSHumanReadableCopyright = "";
				LD_RUNPATH_SEARCH_PATHS = (
					"$(inherited)",
					"@executable_path/../Frameworks",
					"@executable_path/../../../../Frameworks",
				);
				MACOSX_DEPLOYMENT_TARGET = 10.14;
				MARKETING_VERSION = 1.0;
				OTHER_LDFLAGS = (
					"-framework",
					SafariServices,
				);
				PRODUCT_BUNDLE_IDENTIFIER = com.raminfiroozye.FontSource.Extension;
				PRODUCT_NAME = "FontSource Extension";
				SDKROOT = macosx;
				SKIP_INSTALL = YES;
				STRING_CATALOG_GENERATE_SYMBOLS = YES;
				SWIFT_APPROACHABLE_CONCURRENCY = YES;
				SWIFT_EMIT_LOC_STRINGS = YES;
				SWIFT_UPCOMING_FEATURE_MEMBER_IMPORT_VISIBILITY = YES;
				SWIFT_VERSION = 5.0;
			};
			name = Release;
		};
		FF10014D2F981A9800CBFFFE /* Debug */ = {
			isa = XCBuildConfiguration;
			buildSettings = {
				ASSETCATALOG_COMPILER_APPICON_NAME = AppIcon;
				ASSETCATALOG_COMPILER_GLOBAL_ACCENT_COLOR_NAME = AccentColor;
				CODE_SIGN_STYLE = Automatic;
				CURRENT_PROJECT_VERSION = 1;
				ENABLE_APP_SANDBOX = YES;
				ENABLE_HARDENED_RUNTIME = YES;
				ENABLE_OUTGOING_NETWORK_CONNECTIONS = YES;
				ENABLE_USER_SELECTED_FILES = readonly;
				GENERATE_INFOPLIST_FILE = YES;
				INFOPLIST_FILE = "macOS (App)/Info.plist";
				INFOPLIST_KEY_CFBundleDisplayName = FontSource;
				INFOPLIST_KEY_NSMainStoryboardFile = Main;
				INFOPLIST_KEY_NSPrincipalClass = NSApplication;
				LD_RUNPATH_SEARCH_PATHS = (
					"$(inherited)",
					"@executable_path/../Frameworks",
				);
				MACOSX_DEPLOYMENT_TARGET = 10.14;
				MARKETING_VERSION = 1.0;
				OTHER_LDFLAGS = (
					"-framework",
					SafariServices,
					"-framework",
					WebKit,
				);
				PRODUCT_BUNDLE_IDENTIFIER = com.raminfiroozye.FontSource;
				PRODUCT_NAME = FontSource;
				REGISTER_APP_GROUPS = YES;
				SDKROOT = macosx;
				STRING_CATALOG_GENERATE_SYMBOLS = YES;
				SWIFT_APPROACHABLE_CONCURRENCY = YES;
				SWIFT_DEFAULT_ACTOR_ISOLATION = MainActor;
				SWIFT_EMIT_LOC_STRINGS = YES;
				SWIFT_UPCOMING_FEATURE_MEMBER_IMPORT_VISIBILITY = YES;
				SWIFT_VERSION = 5.0;
			};
			name = Debug;
		};
		FF10014E2F981A9800CBFFFE /* Release */ = {
			isa = XCBuildConfiguration;
			buildSettings = {
				ASSETCATALOG_COMPILER_APPICON_NAME = AppIcon;
				ASSETCATALOG_COMPILER_GLOBAL_ACCENT_COLOR_NAME = AccentColor;
				CODE_SIGN_STYLE = Automatic;
				CURRENT_PROJECT_VERSION = 1;
				ENABLE_APP_SANDBOX = YES;
				ENABLE_HARDENED_RUNTIME = YES;
				ENABLE_OUTGOING_NETWORK_CONNECTIONS = YES;
				ENABLE_USER_SELECTED_FILES = readonly;
				GENERATE_INFOPLIST_FILE = YES;
				INFOPLIST_FILE = "macOS (App)/Info.plist";
				INFOPLIST_KEY_CFBundleDisplayName = FontSource;
				INFOPLIST_KEY_NSMainStoryboardFile = Main;
				INFOPLIST_KEY_NSPrincipalClass = NSApplication;
				LD_RUNPATH_SEARCH_PATHS = (
					"$(inherited)",
					"@executable_path/../Frameworks",
				);
				MACOSX_DEPLOYMENT_TARGET = 10.14;
				MARKETING_VERSION = 1.0;
				OTHER_LDFLAGS = (
					"-framework",
					SafariServices,
					"-framework",
					WebKit,
				);
				PRODUCT_BUNDLE_IDENTIFIER = com.raminfiroozye.FontSource;
				PRODUCT_NAME = FontSource;
				REGISTER_APP_GROUPS = YES;
				SDKROOT = macosx;
				STRING_CATALOG_GENERATE_SYMBOLS = YES;
				SWIFT_APPROACHABLE_CONCURRENCY = YES;
				SWIFT_DEFAULT_ACTOR_ISOLATION = MainActor;
				SWIFT_EMIT_LOC_STRINGS = YES;
				SWIFT_UPCOMING_FEATURE_MEMBER_IMPORT_VISIBILITY = YES;
				SWIFT_VERSION = 5.0;
			};
			name = Release;
		};
/* End XCBuildConfiguration section */

/* Begin XCConfigurationList section */
		FF1000F32F981A9600CBFFFE /* Build configuration list for PBXProject "FontSource" */ = {
			isa = XCConfigurationList;
			buildConfigurations = (
				FF10013F2F981A9800CBFFFE /* Debug */,
				FF1001402F981A9800CBFFFE /* Release */,
			);
			defaultConfigurationIsVisible = 0;
			defaultConfigurationName = Release;
		};
		FF1001412F981A9800CBFFFE /* Build configuration list for PBXNativeTarget "FontSource Extension (iOS)" */ = {
			isa = XCConfigurationList;
			buildConfigurations = (
				FF1001422F981A9800CBFFFE /* Debug */,
				FF1001432F981A9800CBFFFE /* Release */,
			);
			defaultConfigurationIsVisible = 0;
			defaultConfigurationName = Release;
		};
		FF1001452F981A9800CBFFFE /* Build configuration list for PBXNativeTarget "FontSource (iOS)" */ = {
			isa = XCConfigurationList;
			buildConfigurations = (
				FF1001462F981A9800CBFFFE /* Debug */,
				FF1001472F981A9800CBFFFE /* Release */,
			);
			defaultConfigurationIsVisible = 0;
			defaultConfigurationName = Release;
		};
		FF1001482F981A9800CBFFFE /* Build configuration list for PBXNativeTarget "FontSource Extension (macOS)" */ = {
			isa = XCConfigurationList;
			buildConfigurations = (
				FF1001492F981A9800CBFFFE /* Debug */,
				FF10014A2F981A9800CBFFFE /* Release */,
			);
			defaultConfigurationIsVisible = 0;
			defaultConfigurationName = Release;
		};
		FF10014C2F981A9800CBFFFE /* Build configuration list for PBXNativeTarget "FontSource (macOS)" */ = {
			isa = XCConfigurationList;
			buildConfigurations = (
				FF10014D2F981A9800CBFFFE /* Debug */,
				FF10014E2F981A9800CBFFFE /* Release */,
			);
			defaultConfigurationIsVisible = 0;
			defaultConfigurationName = Release;
		};
/* End XCConfigurationList section */
	};
	rootObject = FF1000F02F981A9600CBFFFE /* Project object */;
}
