// !$*UTF8*$!
{
	archiveVersion = 1;
	classes = {
	};
	objectVersion = 77;
	objects = {

/* Begin PBXBuildFile section */
		FF743C7F2F97FD72000BB063 /* AppDelegate.swift in Sources */ = {isa = PBXBuildFile; fileRef = FF743C7E2F97FD72000BB063 /* AppDelegate.swift */; };
		FF743C812F97FD72000BB063 /* SceneDelegate.swift in Sources */ = {isa = PBXBuildFile; fileRef = FF743C802F97FD72000BB063 /* SceneDelegate.swift */; };
		FF743C842F97FD72000BB063 /* LaunchScreen.storyboard in Resources */ = {isa = PBXBuildFile; fileRef = FF743C822F97FD72000BB063 /* LaunchScreen.storyboard */; };
		FF743C872F97FD72000BB063 /* Main.storyboard in Resources */ = {isa = PBXBuildFile; fileRef = FF743C852F97FD72000BB063 /* Main.storyboard */; };
		FF743C902F97FD72000BB063 /* AppDelegate.swift in Sources */ = {isa = PBXBuildFile; fileRef = FF743C8F2F97FD72000BB063 /* AppDelegate.swift */; };
		FF743C932F97FD72000BB063 /* Main.storyboard in Resources */ = {isa = PBXBuildFile; fileRef = FF743C912F97FD72000BB063 /* Main.storyboard */; };
		FF743C9A2F97FD72000BB063 /* FontSource Extension.appex in Embed Foundation Extensions */ = {isa = PBXBuildFile; fileRef = FF743C992F97FD72000BB063 /* FontSource Extension.appex */; settings = {ATTRIBUTES = (RemoveHeadersOnCopy, ); }; };
		FF743CA42F97FD72000BB063 /* FontSource Extension.appex in Embed Foundation Extensions */ = {isa = PBXBuildFile; fileRef = FF743CA32F97FD72000BB063 /* FontSource Extension.appex */; settings = {ATTRIBUTES = (RemoveHeadersOnCopy, ); }; };
		FF743CA92F97FD72000BB063 /* Main.html in Resources */ = {isa = PBXBuildFile; fileRef = FF743C6E2F97FD71000BB063 /* Main.html */; };
		FF743CAA2F97FD72000BB063 /* Main.html in Resources */ = {isa = PBXBuildFile; fileRef = FF743C6E2F97FD71000BB063 /* Main.html */; };
		FF743CAB2F97FD72000BB063 /* Icon.png in Resources */ = {isa = PBXBuildFile; fileRef = FF743C702F97FD71000BB063 /* Icon.png */; };
		FF743CAC2F97FD72000BB063 /* Icon.png in Resources */ = {isa = PBXBuildFile; fileRef = FF743C702F97FD71000BB063 /* Icon.png */; };
		FF743CAD2F97FD72000BB063 /* Style.css in Resources */ = {isa = PBXBuildFile; fileRef = FF743C712F97FD71000BB063 /* Style.css */; };
		FF743CAE2F97FD72000BB063 /* Style.css in Resources */ = {isa = PBXBuildFile; fileRef = FF743C712F97FD71000BB063 /* Style.css */; };
		FF743CAF2F97FD72000BB063 /* Script.js in Resources */ = {isa = PBXBuildFile; fileRef = FF743C722F97FD71000BB063 /* Script.js */; };
		FF743CB02F97FD72000BB063 /* Script.js in Resources */ = {isa = PBXBuildFile; fileRef = FF743C722F97FD71000BB063 /* Script.js */; };
		FF743CB12F97FD72000BB063 /* ViewController.swift in Sources */ = {isa = PBXBuildFile; fileRef = FF743C732F97FD71000BB063 /* ViewController.swift */; };
		FF743CB22F97FD72000BB063 /* ViewController.swift in Sources */ = {isa = PBXBuildFile; fileRef = FF743C732F97FD71000BB063 /* ViewController.swift */; };
		FF743CB32F97FD72000BB063 /* Assets.xcassets in Resources */ = {isa = PBXBuildFile; fileRef = FF743C742F97FD72000BB063 /* Assets.xcassets */; };
		FF743CB42F97FD72000BB063 /* Assets.xcassets in Resources */ = {isa = PBXBuildFile; fileRef = FF743C742F97FD72000BB063 /* Assets.xcassets */; };
		FF743CB52F97FD72000BB063 /* SafariWebExtensionHandler.swift in Sources */ = {isa = PBXBuildFile; fileRef = FF743C762F97FD72000BB063 /* SafariWebExtensionHandler.swift */; };
		FF743CB62F97FD72000BB063 /* SafariWebExtensionHandler.swift in Sources */ = {isa = PBXBuildFile; fileRef = FF743C762F97FD72000BB063 /* SafariWebExtensionHandler.swift */; };
		FF743CCF2F97FD72000BB063 /* settings in Resources */ = {isa = PBXBuildFile; fileRef = FF743CC82F97FD72000BB063 /* settings */; };
		FF743CD02F97FD72000BB063 /* popup in Resources */ = {isa = PBXBuildFile; fileRef = FF743CC92F97FD72000BB063 /* popup */; };
		FF743CD12F97FD72000BB063 /* background.js in Resources */ = {isa = PBXBuildFile; fileRef = FF743CCA2F97FD72000BB063 /* background.js */; };
		FF743CD22F97FD72000BB063 /* icons in Resources */ = {isa = PBXBuildFile; fileRef = FF743CCB2F97FD72000BB063 /* icons */; };
		FF743CD32F97FD72000BB063 /* manifest.json in Resources */ = {isa = PBXBuildFile; fileRef = FF743CCC2F97FD72000BB063 /* manifest.json */; };
		FF743CD42F97FD72000BB063 /* lib in Resources */ = {isa = PBXBuildFile; fileRef = FF743CCD2F97FD72000BB063 /* lib */; };
		FF743CD52F97FD72000BB063 /* content.js in Resources */ = {isa = PBXBuildFile; fileRef = FF743CCE2F97FD72000BB063 /* content.js */; };
		FF743CD62F97FD72000BB063 /* settings in Resources */ = {isa = PBXBuildFile; fileRef = FF743CC82F97FD72000BB063 /* settings */; };
		FF743CD72F97FD72000BB063 /* popup in Resources */ = {isa = PBXBuildFile; fileRef = FF743CC92F97FD72000BB063 /* popup */; };
		FF743CD82F97FD72000BB063 /* background.js in Resources */ = {isa = PBXBuildFile; fileRef = FF743CCA2F97FD72000BB063 /* background.js */; };
		FF743CD92F97FD72000BB063 /* icons in Resources */ = {isa = PBXBuildFile; fileRef = FF743CCB2F97FD72000BB063 /* icons */; };
		FF743CDA2F97FD72000BB063 /* manifest.json in Resources */ = {isa = PBXBuildFile; fileRef = FF743CCC2F97FD72000BB063 /* manifest.json */; };
		FF743CDB2F97FD72000BB063 /* lib in Resources */ = {isa = PBXBuildFile; fileRef = FF743CCD2F97FD72000BB063 /* lib */; };
		FF743CDC2F97FD72000BB063 /* content.js in Resources */ = {isa = PBXBuildFile; fileRef = FF743CCE2F97FD72000BB063 /* content.js */; };
/* End PBXBuildFile section */

/* Begin PBXContainerItemProxy section */
		FF743C9B2F97FD72000BB063 /* PBXContainerItemProxy */ = {
			isa = PBXContainerItemProxy;
			containerPortal = FF743C682F97FD71000BB063 /* Project object */;
			proxyType = 1;
			remoteGlobalIDString = FF743C982F97FD72000BB063;
			remoteInfo = "FontSource Extension (iOS)";
		};
		FF743CA52F97FD72000BB063 /* PBXContainerItemProxy */ = {
			isa = PBXContainerItemProxy;
			containerPortal = FF743C682F97FD71000BB063 /* Project object */;
			proxyType = 1;
			remoteGlobalIDString = FF743CA22F97FD72000BB063;
			remoteInfo = "FontSource Extension (macOS)";
		};
/* End PBXContainerItemProxy section */

/* Begin PBXCopyFilesBuildPhase section */
		FF743CBC2F97FD72000BB063 /* Embed Foundation Extensions */ = {
			isa = PBXCopyFilesBuildPhase;
			buildActionMask = 2147483647;
			dstPath = "";
			dstSubfolderSpec = 13;
			files = (
				FF743C9A2F97FD72000BB063 /* FontSource Extension.appex in Embed Foundation Extensions */,
			);
			name = "Embed Foundation Extensions";
			runOnlyForDeploymentPostprocessing = 0;
		};
		FF743CC32F97FD72000BB063 /* Embed Foundation Extensions */ = {
			isa = PBXCopyFilesBuildPhase;
			buildActionMask = 2147483647;
			dstPath = "";
			dstSubfolderSpec = 13;
			files = (
				FF743CA42F97FD72000BB063 /* FontSource Extension.appex in Embed Foundation Extensions */,
			);
			name = "Embed Foundation Extensions";
			runOnlyForDeploymentPostprocessing = 0;
		};
/* End PBXCopyFilesBuildPhase section */

/* Begin PBXFileReference section */
		FF743C6F2F97FD71000BB063 /* Base */ = {isa = PBXFileReference; lastKnownFileType = text.html; name = Base; path = Base.lproj/Main.html; sourceTree = "<group>"; };
		FF743C702F97FD71000BB063 /* Icon.png */ = {isa = PBXFileReference; lastKnownFileType = image.png; path = Icon.png; sourceTree = "<group>"; };
		FF743C712F97FD71000BB063 /* Style.css */ = {isa = PBXFileReference; lastKnownFileType = text.css; path = Style.css; sourceTree = "<group>"; };
		FF743C722F97FD71000BB063 /* Script.js */ = {isa = PBXFileReference; lastKnownFileType = sourcecode.javascript; path = Script.js; sourceTree = "<group>"; };
		FF743C732F97FD71000BB063 /* ViewController.swift */ = {isa = PBXFileReference; lastKnownFileType = sourcecode.swift; path = ViewController.swift; sourceTree = "<group>"; };
		FF743C742F97FD72000BB063 /* Assets.xcassets */ = {isa = PBXFileReference; lastKnownFileType = folder.assetcatalog; path = Assets.xcassets; sourceTree = "<group>"; };
		FF743C762F97FD72000BB063 /* SafariWebExtensionHandler.swift */ = {isa = PBXFileReference; lastKnownFileType = sourcecode.swift; path = SafariWebExtensionHandler.swift; sourceTree = "<group>"; };
		FF743C7B2F97FD72000BB063 /* FontSource.app */ = {isa = PBXFileReference; explicitFileType = wrapper.application; includeInIndex = 0; path = FontSource.app; sourceTree = BUILT_PRODUCTS_DIR; };
		FF743C7E2F97FD72000BB063 /* AppDelegate.swift */ = {isa = PBXFileReference; lastKnownFileType = sourcecode.swift; path = AppDelegate.swift; sourceTree = "<group>"; };
		FF743C802F97FD72000BB063 /* SceneDelegate.swift */ = {isa = PBXFileReference; lastKnownFileType = sourcecode.swift; path = SceneDelegate.swift; sourceTree = "<group>"; };
		FF743C832F97FD72000BB063 /* Base */ = {isa = PBXFileReference; lastKnownFileType = file.storyboard; name = Base; path = Base.lproj/LaunchScreen.storyboard; sourceTree = "<group>"; };
		FF743C862F97FD72000BB063 /* Base */ = {isa = PBXFileReference; lastKnownFileType = file.storyboard; name = Base; path = Base.lproj/Main.storyboard; sourceTree = "<group>"; };
		FF743C882F97FD72000BB063 /* Info.plist */ = {isa = PBXFileReference; lastKnownFileType = text.plist.xml; path = Info.plist; sourceTree = "<group>"; };
		FF743C8D2F97FD72000BB063 /* FontSource.app */ = {isa = PBXFileReference; explicitFileType = wrapper.application; includeInIndex = 0; path = FontSource.app; sourceTree = BUILT_PRODUCTS_DIR; };
		FF743C8F2F97FD72000BB063 /* AppDelegate.swift */ = {isa = PBXFileReference; lastKnownFileType = sourcecode.swift; path = AppDelegate.swift; sourceTree = "<group>"; };
		FF743C922F97FD72000BB063 /* Base */ = {isa = PBXFileReference; lastKnownFileType = file.storyboard; name = Base; path = Base.lproj/Main.storyboard; sourceTree = "<group>"; };
		FF743C942F97FD72000BB063 /* Info.plist */ = {isa = PBXFileReference; lastKnownFileType = text.plist.xml; path = Info.plist; sourceTree = "<group>"; };
		FF743C992F97FD72000BB063 /* FontSource Extension.appex */ = {isa = PBXFileReference; explicitFileType = "wrapper.app-extension"; includeInIndex = 0; path = "FontSource Extension.appex"; sourceTree = BUILT_PRODUCTS_DIR; };
		FF743C9E2F97FD72000BB063 /* Info.plist */ = {isa = PBXFileReference; lastKnownFileType = text.plist.xml; path = Info.plist; sourceTree = "<group>"; };
		FF743CA32F97FD72000BB063 /* FontSource Extension.appex */ = {isa = PBXFileReference; explicitFileType = "wrapper.app-extension"; includeInIndex = 0; path = "FontSource Extension.appex"; sourceTree = BUILT_PRODUCTS_DIR; };
		FF743CA82F97FD72000BB063 /* Info.plist */ = {isa = PBXFileReference; lastKnownFileType = text.plist.xml; path = Info.plist; sourceTree = "<group>"; };
		FF743CC82F97FD72000BB063 /* settings */ = {isa = PBXFileReference; lastKnownFileType = folder; name = settings; path = Resources/settings; sourceTree = "<group>"; };
		FF743CC92F97FD72000BB063 /* popup */ = {isa = PBXFileReference; lastKnownFileType = folder; name = popup; path = Resources/popup; sourceTree = "<group>"; };
		FF743CCA2F97FD72000BB063 /* background.js */ = {isa = PBXFileReference; lastKnownFileType = sourcecode.javascript; name = background.js; path = Resources/background.js; sourceTree = "<group>"; };
		FF743CCB2F97FD72000BB063 /* icons */ = {isa = PBXFileReference; lastKnownFileType = folder; name = icons; path = Resources/icons; sourceTree = "<group>"; };
		FF743CCC2F97FD72000BB063 /* manifest.json */ = {isa = PBXFileReference; lastKnownFileType = text.json; name = manifest.json; path = Resources/manifest.json; sourceTree = "<group>"; };
		FF743CCD2F97FD72000BB063 /* lib */ = {isa = PBXFileReference; lastKnownFileType = folder; name = lib; path = Resources/lib; sourceTree = "<group>"; };
		FF743CCE2F97FD72000BB063 /* content.js */ = {isa = PBXFileReference; lastKnownFileType = sourcecode.javascript; name = content.js; path = Resources/content.js; sourceTree = "<group>"; };
/* End PBXFileReference section */

/* Begin PBXFrameworksBuildPhase section */
		FF743C782F97FD72000BB063 /* Frameworks */ = {
			isa = PBXFrameworksBuildPhase;
			buildActionMask = 2147483647;
			files = (
			);
			runOnlyForDeploymentPostprocessing = 0;
		};
		FF743C8A2F97FD72000BB063 /* Frameworks */ = {
			isa = PBXFrameworksBuildPhase;
			buildActionMask = 2147483647;
			files = (
			);
			runOnlyForDeploymentPostprocessing = 0;
		};
		FF743C962F97FD72000BB063 /* Frameworks */ = {
			isa = PBXFrameworksBuildPhase;
			buildActionMask = 2147483647;
			files = (
			);
			runOnlyForDeploymentPostprocessing = 0;
		};
		FF743CA02F97FD72000BB063 /* Frameworks */ = {
			isa = PBXFrameworksBuildPhase;
			buildActionMask = 2147483647;
			files = (
			);
			runOnlyForDeploymentPostprocessing = 0;
		};
/* End PBXFrameworksBuildPhase section */

/* Begin PBXGroup section */
		FF743C672F97FD71000BB063 = {
			isa = PBXGroup;
			children = (
				FF743C6C2F97FD71000BB063 /* Shared (App) */,
				FF743C752F97FD72000BB063 /* Shared (Extension) */,
				FF743C7D2F97FD72000BB063 /* iOS (App) */,
				FF743C8E2F97FD72000BB063 /* macOS (App) */,
				FF743C9D2F97FD72000BB063 /* iOS (Extension) */,
				FF743CA72F97FD72000BB063 /* macOS (Extension) */,
				FF743C7C2F97FD72000BB063 /* Products */,
			);
			sourceTree = "<group>";
		};
		FF743C6C2F97FD71000BB063 /* Shared (App) */ = {
			isa = PBXGroup;
			children = (
				FF743C732F97FD71000BB063 /* ViewController.swift */,
				FF743C742F97FD72000BB063 /* Assets.xcassets */,
				FF743C6D2F97FD71000BB063 /* Resources */,
			);
			path = "Shared (App)";
			sourceTree = "<group>";
		};
		FF743C6D2F97FD71000BB063 /* Resources */ = {
			isa = PBXGroup;
			children = (
				FF743C6E2F97FD71000BB063 /* Main.html */,
				FF743C702F97FD71000BB063 /* Icon.png */,
				FF743C712F97FD71000BB063 /* Style.css */,
				FF743C722F97FD71000BB063 /* Script.js */,
			);
			path = Resources;
			sourceTree = "<group>";
		};
		FF743C752F97FD72000BB063 /* Shared (Extension) */ = {
			isa = PBXGroup;
			children = (
				FF743CC72F97FD72000BB063 /* Resources */,
				FF743C762F97FD72000BB063 /* SafariWebExtensionHandler.swift */,
			);
			path = "Shared (Extension)";
			sourceTree = "<group>";
		};
		FF743C7C2F97FD72000BB063 /* Products */ = {
			isa = PBXGroup;
			children = (
				FF743C7B2F97FD72000BB063 /* FontSource.app */,
				FF743C8D2F97FD72000BB063 /* FontSource.app */,
				FF743C992F97FD72000BB063 /* FontSource Extension.appex */,
				FF743CA32F97FD72000BB063 /* FontSource Extension.appex */,
			);
			name = Products;
			sourceTree = "<group>";
		};
		FF743C7D2F97FD72000BB063 /* iOS (App) */ = {
			isa = PBXGroup;
			children = (
				FF743C7E2F97FD72000BB063 /* AppDelegate.swift */,
				FF743C802F97FD72000BB063 /* SceneDelegate.swift */,
				FF743C822F97FD72000BB063 /* LaunchScreen.storyboard */,
				FF743C852F97FD72000BB063 /* Main.storyboard */,
				FF743C882F97FD72000BB063 /* Info.plist */,
			);
			path = "iOS (App)";
			sourceTree = "<group>";
		};
		FF743C8E2F97FD72000BB063 /* macOS (App) */ = {
			isa = PBXGroup;
			children = (
				FF743C8F2F97FD72000BB063 /* AppDelegate.swift */,
				FF743C912F97FD72000BB063 /* Main.storyboard */,
				FF743C942F97FD72000BB063 /* Info.plist */,
			);
			path = "macOS (App)";
			sourceTree = "<group>";
		};
		FF743C9D2F97FD72000BB063 /* iOS (Extension) */ = {
			isa = PBXGroup;
			children = (
				FF743C9E2F97FD72000BB063 /* Info.plist */,
			);
			path = "iOS (Extension)";
			sourceTree = "<group>";
		};
		FF743CA72F97FD72000BB063 /* macOS (Extension) */ = {
			isa = PBXGroup;
			children = (
				FF743CA82F97FD72000BB063 /* Info.plist */,
			);
			path = "macOS (Extension)";
			sourceTree = "<group>";
		};
		FF743CC72F97FD72000BB063 /* Resources */ = {
			isa = PBXGroup;
			children = (
				FF743CC82F97FD72000BB063 /* settings */,
				FF743CC92F97FD72000BB063 /* popup */,
				FF743CCA2F97FD72000BB063 /* background.js */,
				FF743CCB2F97FD72000BB063 /* icons */,
				FF743CCC2F97FD72000BB063 /* manifest.json */,
				FF743CCD2F97FD72000BB063 /* lib */,
				FF743CCE2F97FD72000BB063 /* content.js */,
			);
			name = Resources;
			path = "Shared (Extension)";
			sourceTree = SOURCE_ROOT;
		};
/* End PBXGroup section */

/* Begin PBXNativeTarget section */
		FF743C7A2F97FD72000BB063 /* FontSource (iOS) */ = {
			isa = PBXNativeTarget;
			buildConfigurationList = FF743CBD2F97FD72000BB063 /* Build configuration list for PBXNativeTarget "FontSource (iOS)" */;
			buildPhases = (
				FF743C772F97FD72000BB063 /* Sources */,
				FF743C782F97FD72000BB063 /* Frameworks */,
				FF743C792F97FD72000BB063 /* Resources */,
				FF743CBC2F97FD72000BB063 /* Embed Foundation Extensions */,
			);
			buildRules = (
			);
			dependencies = (
				FF743C9C2F97FD72000BB063 /* PBXTargetDependency */,
			);
			name = "FontSource (iOS)";
			packageProductDependencies = (
			);
			productName = "FontSource (iOS)";
			productReference = FF743C7B2F97FD72000BB063 /* FontSource.app */;
			productType = "com.apple.product-type.application";
		};
		FF743C8C2F97FD72000BB063 /* FontSource (macOS) */ = {
			isa = PBXNativeTarget;
			buildConfigurationList = FF743CC42F97FD72000BB063 /* Build configuration list for PBXNativeTarget "FontSource (macOS)" */;
			buildPhases = (
				FF743C892F97FD72000BB063 /* Sources */,
				FF743C8A2F97FD72000BB063 /* Frameworks */,
				FF743C8B2F97FD72000BB063 /* Resources */,
				FF743CC32F97FD72000BB063 /* Embed Foundation Extensions */,
			);
			buildRules = (
			);
			dependencies = (
				FF743CA62F97FD72000BB063 /* PBXTargetDependency */,
			);
			name = "FontSource (macOS)";
			packageProductDependencies = (
			);
			productName = "FontSource (macOS)";
			productReference = FF743C8D2F97FD72000BB063 /* FontSource.app */;
			productType = "com.apple.product-type.application";
		};
		FF743C982F97FD72000BB063 /* FontSource Extension (iOS) */ = {
			isa = PBXNativeTarget;
			buildConfigurationList = FF743CB92F97FD72000BB063 /* Build configuration list for PBXNativeTarget "FontSource Extension (iOS)" */;
			buildPhases = (
				FF743C952F97FD72000BB063 /* Sources */,
				FF743C962F97FD72000BB063 /* Frameworks */,
				FF743C972F97FD72000BB063 /* Resources */,
			);
			buildRules = (
			);
			dependencies = (
			);
			name = "FontSource Extension (iOS)";
			packageProductDependencies = (
			);
			productName = "FontSource Extension (iOS)";
			productReference = FF743C992F97FD72000BB063 /* FontSource Extension.appex */;
			productType = "com.apple.product-type.app-extension";
		};
		FF743CA22F97FD72000BB063 /* FontSource Extension (macOS) */ = {
			isa = PBXNativeTarget;
			buildConfigurationList = FF743CC02F97FD72000BB063 /* Build configuration list for PBXNativeTarget "FontSource Extension (macOS)" */;
			buildPhases = (
				FF743C9F2F97FD72000BB063 /* Sources */,
				FF743CA02F97FD72000BB063 /* Frameworks */,
				FF743CA12F97FD72000BB063 /* Resources */,
			);
			buildRules = (
			);
			dependencies = (
			);
			name = "FontSource Extension (macOS)";
			packageProductDependencies = (
			);
			productName = "FontSource Extension (macOS)";
			productReference = FF743CA32F97FD72000BB063 /* FontSource Extension.appex */;
			productType = "com.apple.product-type.app-extension";
		};
/* End PBXNativeTarget section */

/* Begin PBXProject section */
		FF743C682F97FD71000BB063 /* Project object */ = {
			isa = PBXProject;
			attributes = {
				BuildIndependentTargetsInParallel = 1;
				LastSwiftUpdateCheck = 2640;
				LastUpgradeCheck = 2640;
				TargetAttributes = {
					FF743C7A2F97FD72000BB063 = {
						CreatedOnToolsVersion = 26.4.1;
					};
					FF743C8C2F97FD72000BB063 = {
						CreatedOnToolsVersion = 26.4.1;
					};
					FF743C982F97FD72000BB063 = {
						CreatedOnToolsVersion = 26.4.1;
					};
					FF743CA22F97FD72000BB063 = {
						CreatedOnToolsVersion = 26.4.1;
					};
				};
			};
			buildConfigurationList = FF743C6B2F97FD71000BB063 /* Build configuration list for PBXProject "FontSource" */;
			developmentRegion = en;
			hasScannedForEncodings = 0;
			knownRegions = (
				en,
				Base,
			);
			mainGroup = FF743C672F97FD71000BB063;
			minimizedProjectReferenceProxies = 1;
			preferredProjectObjectVersion = 77;
			productRefGroup = FF743C7C2F97FD72000BB063 /* Products */;
			projectDirPath = "";
			projectRoot = "";
			targets = (
				FF743C7A2F97FD72000BB063 /* FontSource (iOS) */,
				FF743C8C2F97FD72000BB063 /* FontSource (macOS) */,
				FF743C982F97FD72000BB063 /* FontSource Extension (iOS) */,
				FF743CA22F97FD72000BB063 /* FontSource Extension (macOS) */,
			);
		};
/* End PBXProject section */

/* Begin PBXResourcesBuildPhase section */
		FF743C792F97FD72000BB063 /* Resources */ = {
			isa = PBXResourcesBuildPhase;
			buildActionMask = 2147483647;
			files = (
				FF743CAB2F97FD72000BB063 /* Icon.png in Resources */,
				FF743C842F97FD72000BB063 /* LaunchScreen.storyboard in Resources */,
				FF743CA92F97FD72000BB063 /* Main.html in Resources */,
				FF743CAF2F97FD72000BB063 /* Script.js in Resources */,
				FF743CB32F97FD72000BB063 /* Assets.xcassets in Resources */,
				FF743C872F97FD72000BB063 /* Main.storyboard in Resources */,
				FF743CAD2F97FD72000BB063 /* Style.css in Resources */,
			);
			runOnlyForDeploymentPostprocessing = 0;
		};
		FF743C8B2F97FD72000BB063 /* Resources */ = {
			isa = PBXResourcesBuildPhase;
			buildActionMask = 2147483647;
			files = (
				FF743CAC2F97FD72000BB063 /* Icon.png in Resources */,
				FF743CAE2F97FD72000BB063 /* Style.css in Resources */,
				FF743C932F97FD72000BB063 /* Main.storyboard in Resources */,
				FF743CB02F97FD72000BB063 /* Script.js in Resources */,
				FF743CB42F97FD72000BB063 /* Assets.xcassets in Resources */,
				FF743CAA2F97FD72000BB063 /* Main.html in Resources */,
			);
			runOnlyForDeploymentPostprocessing = 0;
		};
		FF743C972F97FD72000BB063 /* Resources */ = {
			isa = PBXResourcesBuildPhase;
			buildActionMask = 2147483647;
			files = (
				FF743CDB2F97FD72000BB063 /* lib in Resources */,
				FF743CD62F97FD72000BB063 /* settings in Resources */,
				FF743CD92F97FD72000BB063 /* icons in Resources */,
				FF743CDA2F97FD72000BB063 /* manifest.json in Resources */,
				FF743CD82F97FD72000BB063 /* background.js in Resources */,
				FF743CDC2F97FD72000BB063 /* content.js in Resources */,
				FF743CD72F97FD72000BB063 /* popup in Resources */,
			);
			runOnlyForDeploymentPostprocessing = 0;
		};
		FF743CA12F97FD72000BB063 /* Resources */ = {
			isa = PBXResourcesBuildPhase;
			buildActionMask = 2147483647;
			files = (
				FF743CD42F97FD72000BB063 /* lib in Resources */,
				FF743CCF2F97FD72000BB063 /* settings in Resources */,
				FF743CD22F97FD72000BB063 /* icons in Resources */,
				FF743CD32F97FD72000BB063 /* manifest.json in Resources */,
				FF743CD12F97FD72000BB063 /* background.js in Resources */,
				FF743CD52F97FD72000BB063 /* content.js in Resources */,
				FF743CD02F97FD72000BB063 /* popup in Resources */,
			);
			runOnlyForDeploymentPostprocessing = 0;
		};
/* End PBXResourcesBuildPhase section */

/* Begin PBXSourcesBuildPhase section */
		FF743C772F97FD72000BB063 /* Sources */ = {
			isa = PBXSourcesBuildPhase;
			buildActionMask = 2147483647;
			files = (
				FF743CB12F97FD72000BB063 /* ViewController.swift in Sources */,
				FF743C7F2F97FD72000BB063 /* AppDelegate.swift in Sources */,
				FF743C812F97FD72000BB063 /* SceneDelegate.swift in Sources */,
			);
			runOnlyForDeploymentPostprocessing = 0;
		};
		FF743C892F97FD72000BB063 /* Sources */ = {
			isa = PBXSourcesBuildPhase;
			buildActionMask = 2147483647;
			files = (
				FF743CB22F97FD72000BB063 /* ViewController.swift in Sources */,
				FF743C902F97FD72000BB063 /* AppDelegate.swift in Sources */,
			);
			runOnlyForDeploymentPostprocessing = 0;
		};
		FF743C952F97FD72000BB063 /* Sources */ = {
			isa = PBXSourcesBuildPhase;
			buildActionMask = 2147483647;
			files = (
				FF743CB52F97FD72000BB063 /* SafariWebExtensionHandler.swift in Sources */,
			);
			runOnlyForDeploymentPostprocessing = 0;
		};
		FF743C9F2F97FD72000BB063 /* Sources */ = {
			isa = PBXSourcesBuildPhase;
			buildActionMask = 2147483647;
			files = (
				FF743CB62F97FD72000BB063 /* SafariWebExtensionHandler.swift in Sources */,
			);
			runOnlyForDeploymentPostprocessing = 0;
		};
/* End PBXSourcesBuildPhase section */

/* Begin PBXTargetDependency section */
		FF743C9C2F97FD72000BB063 /* PBXTargetDependency */ = {
			isa = PBXTargetDependency;
			target = FF743C982F97FD72000BB063 /* FontSource Extension (iOS) */;
			targetProxy = FF743C9B2F97FD72000BB063 /* PBXContainerItemProxy */;
		};
		FF743CA62F97FD72000BB063 /* PBXTargetDependency */ = {
			isa = PBXTargetDependency;
			target = FF743CA22F97FD72000BB063 /* FontSource Extension (macOS) */;
			targetProxy = FF743CA52F97FD72000BB063 /* PBXContainerItemProxy */;
		};
/* End PBXTargetDependency section */

/* Begin PBXVariantGroup section */
		FF743C6E2F97FD71000BB063 /* Main.html */ = {
			isa = PBXVariantGroup;
			children = (
				FF743C6F2F97FD71000BB063 /* Base */,
			);
			name = Main.html;
			sourceTree = "<group>";
		};
		FF743C822F97FD72000BB063 /* LaunchScreen.storyboard */ = {
			isa = PBXVariantGroup;
			children = (
				FF743C832F97FD72000BB063 /* Base */,
			);
			name = LaunchScreen.storyboard;
			sourceTree = "<group>";
		};
		FF743C852F97FD72000BB063 /* Main.storyboard */ = {
			isa = PBXVariantGroup;
			children = (
				FF743C862F97FD72000BB063 /* Base */,
			);
			name = Main.storyboard;
			sourceTree = "<group>";
		};
		FF743C912F97FD72000BB063 /* Main.storyboard */ = {
			isa = PBXVariantGroup;
			children = (
				FF743C922F97FD72000BB063 /* Base */,
			);
			name = Main.storyboard;
			sourceTree = "<group>";
		};
/* End PBXVariantGroup section */

/* Begin XCBuildConfiguration section */
		FF743CB72F97FD72000BB063 /* Debug */ = {
			isa = XCBuildConfiguration;
			buildSettings = {
				ALWAYS_SEARCH_USER_PATHS = NO;
				ASSETCATALOG_COMPILER_GENERATE_SWIFT_ASSET_SYMBOL_EXTENSIONS = YES;
				CLANG_ANALYZER_NONNULL = YES;
				CLANG_ANALYZER_NUMBER_OBJECT_CONVERSION = YES_AGGRESSIVE;
				CLANG_CXX_LANGUAGE_STANDARD = "gnu++20";
				CLANG_ENABLE_MODULES = YES;
				CLANG_ENABLE_OBJC_ARC = YES;
				CLANG_ENABLE_OBJC_WEAK = YES;
				CLANG_WARN_BLOCK_CAPTURE_AUTORELEASING = YES;
				CLANG_WARN_BOOL_CONVERSION = YES;
				CLANG_WARN_COMMA = YES;
				CLANG_WARN_CONSTANT_CONVERSION = YES;
				CLANG_WARN_DEPRECATED_OBJC_IMPLEMENTATIONS = YES;
				CLANG_WARN_DIRECT_OBJC_ISA_USAGE = YES_ERROR;
				CLANG_WARN_DOCUMENTATION_COMMENTS = YES;
				CLANG_WARN_EMPTY_BODY = YES;
				CLANG_WARN_ENUM_CONVERSION = YES;
				CLANG_WARN_INFINITE_RECURSION = YES;
				CLANG_WARN_INT_CONVERSION = YES;
				CLANG_WARN_NON_LITERAL_NULL_CONVERSION = YES;
				CLANG_WARN_OBJC_IMPLICIT_RETAIN_SELF = YES;
				CLANG_WARN_OBJC_LITERAL_CONVERSION = YES;
				CLANG_WARN_OBJC_ROOT_CLASS = YES_ERROR;
				CLANG_WARN_QUOTED_INCLUDE_IN_FRAMEWORK_HEADER = YES;
				CLANG_WARN_RANGE_LOOP_ANALYSIS = YES;
				CLANG_WARN_STRICT_PROTOTYPES = YES;
				CLANG_WARN_SUSPICIOUS_MOVE = YES;
				CLANG_WARN_UNGUARDED_AVAILABILITY = YES_AGGRESSIVE;
				CLANG_WARN_UNREACHABLE_CODE = YES;
				CLANG_WARN__DUPLICATE_METHOD_MATCH = YES;
				COPY_PHASE_STRIP = NO;
				DEBUG_INFORMATION_FORMAT = dwarf;
				ENABLE_STRICT_OBJC_MSGSEND = YES;
				ENABLE_TESTABILITY = YES;
				ENABLE_USER_SCRIPT_SANDBOXING = YES;
				GCC_C_LANGUAGE_STANDARD = gnu17;
				GCC_DYNAMIC_NO_PIC = NO;
				GCC_NO_COMMON_BLOCKS = YES;
				GCC_OPTIMIZATION_LEVEL = 0;
				GCC_PREPROCESSOR_DEFINITIONS = (
					"DEBUG=1",
					"$(inherited)",
				);
				GCC_WARN_64_TO_32_BIT_CONVERSION = YES;
				GCC_WARN_ABOUT_RETURN_TYPE = YES_ERROR;
				GCC_WARN_UNDECLARED_SELECTOR = YES;
				GCC_WARN_UNINITIALIZED_AUTOS = YES_AGGRESSIVE;
				GCC_WARN_UNUSED_FUNCTION = YES;
				GCC_WARN_UNUSED_VARIABLE = YES;
				LOCALIZATION_PREFERS_STRING_CATALOGS = YES;
				MTL_ENABLE_DEBUG_INFO = INCLUDE_SOURCE;
				MTL_FAST_MATH = YES;
				ONLY_ACTIVE_ARCH = YES;
				SWIFT_ACTIVE_COMPILATION_CONDITIONS = "DEBUG $(inherited)";
				SWIFT_OPTIMIZATION_LEVEL = "-Onone";
			};
			name = Debug;
		};
		FF743CB82F97FD72000BB063 /* Release */ = {
			isa = XCBuildConfiguration;
			buildSettings = {
				ALWAYS_SEARCH_USER_PATHS = NO;
				ASSETCATALOG_COMPILER_GENERATE_SWIFT_ASSET_SYMBOL_EXTENSIONS = YES;
				CLANG_ANALYZER_NONNULL = YES;
				CLANG_ANALYZER_NUMBER_OBJECT_CONVERSION = YES_AGGRESSIVE;
				CLANG_CXX_LANGUAGE_STANDARD = "gnu++20";
				CLANG_ENABLE_MODULES = YES;
				CLANG_ENABLE_OBJC_ARC = YES;
				CLANG_ENABLE_OBJC_WEAK = YES;
				CLANG_WARN_BLOCK_CAPTURE_AUTORELEASING = YES;
				CLANG_WARN_BOOL_CONVERSION = YES;
				CLANG_WARN_COMMA = YES;
				CLANG_WARN_CONSTANT_CONVERSION = YES;
				CLANG_WARN_DEPRECATED_OBJC_IMPLEMENTATIONS = YES;
				CLANG_WARN_DIRECT_OBJC_ISA_USAGE = YES_ERROR;
				CLANG_WARN_DOCUMENTATION_COMMENTS = YES;
				CLANG_WARN_EMPTY_BODY = YES;
				CLANG_WARN_ENUM_CONVERSION = YES;
				CLANG_WARN_INFINITE_RECURSION = YES;
				CLANG_WARN_INT_CONVERSION = YES;
				CLANG_WARN_NON_LITERAL_NULL_CONVERSION = YES;
				CLANG_WARN_OBJC_IMPLICIT_RETAIN_SELF = YES;
				CLANG_WARN_OBJC_LITERAL_CONVERSION = YES;
				CLANG_WARN_OBJC_ROOT_CLASS = YES_ERROR;
				CLANG_WARN_QUOTED_INCLUDE_IN_FRAMEWORK_HEADER = YES;
				CLANG_WARN_RANGE_LOOP_ANALYSIS = YES;
				CLANG_WARN_STRICT_PROTOTYPES = YES;
				CLANG_WARN_SUSPICIOUS_MOVE = YES;
				CLANG_WARN_UNGUARDED_AVAILABILITY = YES_AGGRESSIVE;
				CLANG_WARN_UNREACHABLE_CODE = YES;
				CLANG_WARN__DUPLICATE_METHOD_MATCH = YES;
				COPY_PHASE_STRIP = NO;
				DEBUG_INFORMATION_FORMAT = "dwarf-with-dsym";
				ENABLE_NS_ASSERTIONS = NO;
				ENABLE_STRICT_OBJC_MSGSEND = YES;
				ENABLE_USER_SCRIPT_SANDBOXING = YES;
				GCC_C_LANGUAGE_STANDARD = gnu17;
				GCC_NO_COMMON_BLOCKS = YES;
				GCC_WARN_64_TO_32_BIT_CONVERSION = YES;
				GCC_WARN_ABOUT_RETURN_TYPE = YES_ERROR;
				GCC_WARN_UNDECLARED_SELECTOR = YES;
				GCC_WARN_UNINITIALIZED_AUTOS = YES_AGGRESSIVE;
				GCC_WARN_UNUSED_FUNCTION = YES;
				GCC_WARN_UNUSED_VARIABLE = YES;
				LOCALIZATION_PREFERS_STRING_CATALOGS = YES;
				MTL_ENABLE_DEBUG_INFO = NO;
				MTL_FAST_MATH = YES;
				SWIFT_COMPILATION_MODE = wholemodule;
			};
			name = Release;
		};
		FF743CBA2F97FD72000BB063 /* Debug */ = {
			isa = XCBuildConfiguration;
			buildSettings = {
				CODE_SIGN_STYLE = Automatic;
				CURRENT_PROJECT_VERSION = 1;
				GENERATE_INFOPLIST_FILE = YES;
				INFOPLIST_FILE = "iOS (Extension)/Info.plist";
				INFOPLIST_KEY_CFBundleDisplayName = "FontSource Extension";
				INFOPLIST_KEY_NSHumanReadableCopyright = "";
				IPHONEOS_DEPLOYMENT_TARGET = 15.0;
				LD_RUNPATH_SEARCH_PATHS = (
					"$(inherited)",
					"@executable_path/Frameworks",
					"@executable_path/../../Frameworks",
				);
				MARKETING_VERSION = 1.0;
				OTHER_LDFLAGS = (
					"-framework",
					SafariServices,
				);
				PRODUCT_BUNDLE_IDENTIFIER = com.raminfiroozye.FontSource.Extension;
				PRODUCT_NAME = "FontSource Extension";
				SDKROOT = iphoneos;
				SKIP_INSTALL = YES;
				STRING_CATALOG_GENERATE_SYMBOLS = YES;
				SWIFT_APPROACHABLE_CONCURRENCY = YES;
				SWIFT_EMIT_LOC_STRINGS = YES;
				SWIFT_UPCOMING_FEATURE_MEMBER_IMPORT_VISIBILITY = YES;
				SWIFT_VERSION = 5.0;
				TARGETED_DEVICE_FAMILY = "1,2";
			};
			name = Debug;
		};
		FF743CBB2F97FD72000BB063 /* Release */ = {
			isa = XCBuildConfiguration;
			buildSettings = {
				CODE_SIGN_STYLE = Automatic;
				CURRENT_PROJECT_VERSION = 1;
				GENERATE_INFOPLIST_FILE = YES;
				INFOPLIST_FILE = "iOS (Extension)/Info.plist";
				INFOPLIST_KEY_CFBundleDisplayName = "FontSource Extension";
				INFOPLIST_KEY_NSHumanReadableCopyright = "";
				IPHONEOS_DEPLOYMENT_TARGET = 15.0;
				LD_RUNPATH_SEARCH_PATHS = (
					"$(inherited)",
					"@executable_path/Frameworks",
					"@executable_path/../../Frameworks",
				);
				MARKETING_VERSION = 1.0;
				OTHER_LDFLAGS = (
					"-framework",
					SafariServices,
				);
				PRODUCT_BUNDLE_IDENTIFIER = com.raminfiroozye.FontSource.Extension;
				PRODUCT_NAME = "FontSource Extension";
				SDKROOT = iphoneos;
				SKIP_INSTALL = YES;
				STRING_CATALOG_GENERATE_SYMBOLS = YES;
				SWIFT_APPROACHABLE_CONCURRENCY = YES;
				SWIFT_EMIT_LOC_STRINGS = YES;
				SWIFT_UPCOMING_FEATURE_MEMBER_IMPORT_VISIBILITY = YES;
				SWIFT_VERSION = 5.0;
				TARGETED_DEVICE_FAMILY = "1,2";
				VALIDATE_PRODUCT = YES;
			};
			name = Release;
		};
		FF743CBE2F97FD72000BB063 /* Debug */ = {
			isa = XCBuildConfiguration;
			buildSettings = {
				ASSETCATALOG_COMPILER_APPICON_NAME = AppIcon;
				ASSETCATALOG_COMPILER_GLOBAL_ACCENT_COLOR_NAME = AccentColor;
				CODE_SIGN_STYLE = Automatic;
				CURRENT_PROJECT_VERSION = 1;
				GENERATE_INFOPLIST_FILE = YES;
				INFOPLIST_FILE = "iOS (App)/Info.plist";
				INFOPLIST_KEY_CFBundleDisplayName = FontSource;
				INFOPLIST_KEY_UIApplicationSupportsIndirectInputEvents = YES;
				INFOPLIST_KEY_UILaunchStoryboardName = LaunchScreen;
				INFOPLIST_KEY_UIMainStoryboardFile = Main;
				INFOPLIST_KEY_UISupportedInterfaceOrientations = "UIInterfaceOrientationPortrait UIInterfaceOrientationLandscapeLeft UIInterfaceOrientationLandscapeRight";
				INFOPLIST_KEY_UISupportedInterfaceOrientations_iPad = "UIInterfaceOrientationPortrait UIInterfaceOrientationPortraitUpsideDown UIInterfaceOrientationLandscapeLeft UIInterfaceOrientationLandscapeRight";
				IPHONEOS_DEPLOYMENT_TARGET = 15.0;
				LD_RUNPATH_SEARCH_PATHS = (
					"$(inherited)",
					"@executable_path/Frameworks",
				);
				MARKETING_VERSION = 1.0;
				OTHER_LDFLAGS = (
					"-framework",
					SafariServices,
					"-framework",
					WebKit,
				);
				PRODUCT_BUNDLE_IDENTIFIER = com.raminfiroozye.FontSource;
				PRODUCT_NAME = FontSource;
				SDKROOT = iphoneos;
				STRING_CATALOG_GENERATE_SYMBOLS = YES;
				SWIFT_APPROACHABLE_CONCURRENCY = YES;
				SWIFT_DEFAULT_ACTOR_ISOLATION = MainActor;
				SWIFT_EMIT_LOC_STRINGS = YES;
				SWIFT_UPCOMING_FEATURE_MEMBER_IMPORT_VISIBILITY = YES;
				SWIFT_VERSION = 5.0;
				TARGETED_DEVICE_FAMILY = "1,2";
			};
			name = Debug;
		};
		FF743CBF2F97FD72000BB063 /* Release */ = {
			isa = XCBuildConfiguration;
			buildSettings = {
				ASSETCATALOG_COMPILER_APPICON_NAME = AppIcon;
				ASSETCATALOG_COMPILER_GLOBAL_ACCENT_COLOR_NAME = AccentColor;
				CODE_SIGN_STYLE = Automatic;
				CURRENT_PROJECT_VERSION = 1;
				GENERATE_INFOPLIST_FILE = YES;
				INFOPLIST_FILE = "iOS (App)/Info.plist";
				INFOPLIST_KEY_CFBundleDisplayName = FontSource;
				INFOPLIST_KEY_UIApplicationSupportsIndirectInputEvents = YES;
				INFOPLIST_KEY_UILaunchStoryboardName = LaunchScreen;
				INFOPLIST_KEY_UIMainStoryboardFile = Main;
				INFOPLIST_KEY_UISupportedInterfaceOrientations = "UIInterfaceOrientationPortrait UIInterfaceOrientationLandscapeLeft UIInterfaceOrientationLandscapeRight";
				INFOPLIST_KEY_UISupportedInterfaceOrientations_iPad = "UIInterfaceOrientationPortrait UIInterfaceOrientationPortraitUpsideDown UIInterfaceOrientationLandscapeLeft UIInterfaceOrientationLandscapeRight";
				IPHONEOS_DEPLOYMENT_TARGET = 15.0;
				LD_RUNPATH_SEARCH_PATHS = (
					"$(inherited)",
					"@executable_path/Frameworks",
				);
				MARKETING_VERSION = 1.0;
				OTHER_LDFLAGS = (
					"-framework",
					SafariServices,
					"-framework",
					WebKit,
				);
				PRODUCT_BUNDLE_IDENTIFIER = com.raminfiroozye.FontSource;
				PRODUCT_NAME = FontSource;
				SDKROOT = iphoneos;
				STRING_CATALOG_GENERATE_SYMBOLS = YES;
				SWIFT_APPROACHABLE_CONCURRENCY = YES;
				SWIFT_DEFAULT_ACTOR_ISOLATION = MainActor;
				SWIFT_EMIT_LOC_STRINGS = YES;
				SWIFT_UPCOMING_FEATURE_MEMBER_IMPORT_VISIBILITY = YES;
				SWIFT_VERSION = 5.0;
				TARGETED_DEVICE_FAMILY = "1,2";
				VALIDATE_PRODUCT = YES;
			};
			name = Release;
		};
		FF743CC12F97FD72000BB063 /* Debug */ = {
			isa = XCBuildConfiguration;
			buildSettings = {
				CODE_SIGN_STYLE = Automatic;
				CURRENT_PROJECT_VERSION = 1;
				ENABLE_APP_SANDBOX = YES;
				ENABLE_HARDENED_RUNTIME = YES;
				ENABLE_USER_SELECTED_FILES = readonly;
				GENERATE_INFOPLIST_FILE = YES;
				INFOPLIST_FILE = "macOS (Extension)/Info.plist";
				INFOPLIST_KEY_CFBundleDisplayName = "FontSource Extension";
				INFOPLIST_KEY_NSHumanReadableCopyright = "";
				LD_RUNPATH_SEARCH_PATHS = (
					"$(inherited)",
					"@executable_path/../Frameworks",
					"@executable_path/../../../../Frameworks",
				);
				MACOSX_DEPLOYMENT_TARGET = 10.14;
				MARKETING_VERSION = 1.0;
				OTHER_LDFLAGS = (
					"-framework",
					SafariServices,
				);
				PRODUCT_BUNDLE_IDENTIFIER = com.raminfiroozye.FontSource.Extension;
				PRODUCT_NAME = "FontSource Extension";
				SDKROOT = macosx;
				SKIP_INSTALL = YES;
				STRING_CATALOG_GENERATE_SYMBOLS = YES;
				SWIFT_APPROACHABLE_CONCURRENCY = YES;
				SWIFT_EMIT_LOC_STRINGS = YES;
				SWIFT_UPCOMING_FEATURE_MEMBER_IMPORT_VISIBILITY = YES;
				SWIFT_VERSION = 5.0;
			};
			name = Debug;
		};
		FF743CC22F97FD72000BB063 /* Release */ = {
			isa = XCBuildConfiguration;
			buildSettings = {
				CODE_SIGN_STYLE = Automatic;
				CURRENT_PROJECT_VERSION = 1;
				ENABLE_APP_SANDBOX = YES;
				ENABLE_HARDENED_RUNTIME = YES;
				ENABLE_USER_SELECTED_FILES = readonly;
				GENERATE_INFOPLIST_FILE = YES;
				INFOPLIST_FILE = "macOS (Extension)/Info.plist";
				INFOPLIST_KEY_CFBundleDisplayName = "FontSource Extension";
				INFOPLIST_KEY_NSHumanReadableCopyright = "";
				LD_RUNPATH_SEARCH_PATHS = (
					"$(inherited)",
					"@executable_path/../Frameworks",
					"@executable_path/../../../../Frameworks",
				);
				MACOSX_DEPLOYMENT_TARGET = 10.14;
				MARKETING_VERSION = 1.0;
				OTHER_LDFLAGS = (
					"-framework",
					SafariServices,
				);
				PRODUCT_BUNDLE_IDENTIFIER = com.raminfiroozye.FontSource.Extension;
				PRODUCT_NAME = "FontSource Extension";
				SDKROOT = macosx;
				SKIP_INSTALL = YES;
				STRING_CATALOG_GENERATE_SYMBOLS = YES;
				SWIFT_APPROACHABLE_CONCURRENCY = YES;
				SWIFT_EMIT_LOC_STRINGS = YES;
				SWIFT_UPCOMING_FEATURE_MEMBER_IMPORT_VISIBILITY = YES;
				SWIFT_VERSION = 5.0;
			};
			name = Release;
		};
		FF743CC52F97FD72000BB063 /* Debug */ = {
			isa = XCBuildConfiguration;
			buildSettings = {
				ASSETCATALOG_COMPILER_APPICON_NAME = AppIcon;
				ASSETCATALOG_COMPILER_GLOBAL_ACCENT_COLOR_NAME = AccentColor;
				CODE_SIGN_STYLE = Automatic;
				CURRENT_PROJECT_VERSION = 1;
				ENABLE_APP_SANDBOX = YES;
				ENABLE_HARDENED_RUNTIME = YES;
				ENABLE_OUTGOING_NETWORK_CONNECTIONS = YES;
				ENABLE_USER_SELECTED_FILES = readonly;
				GENERATE_INFOPLIST_FILE = YES;
				INFOPLIST_FILE = "macOS (App)/Info.plist";
				INFOPLIST_KEY_CFBundleDisplayName = FontSource;
				INFOPLIST_KEY_NSMainStoryboardFile = Main;
				INFOPLIST_KEY_NSPrincipalClass = NSApplication;
				LD_RUNPATH_SEARCH_PATHS = (
					"$(inherited)",
					"@executable_path/../Frameworks",
				);
				MACOSX_DEPLOYMENT_TARGET = 10.14;
				MARKETING_VERSION = 1.0;
				OTHER_LDFLAGS = (
					"-framework",
					SafariServices,
					"-framework",
					WebKit,
				);
				PRODUCT_BUNDLE_IDENTIFIER = com.raminfiroozye.FontSource;
				PRODUCT_NAME = FontSource;
				REGISTER_APP_GROUPS = YES;
				SDKROOT = macosx;
				STRING_CATALOG_GENERATE_SYMBOLS = YES;
				SWIFT_APPROACHABLE_CONCURRENCY = YES;
				SWIFT_DEFAULT_ACTOR_ISOLATION = MainActor;
				SWIFT_EMIT_LOC_STRINGS = YES;
				SWIFT_UPCOMING_FEATURE_MEMBER_IMPORT_VISIBILITY = YES;
				SWIFT_VERSION = 5.0;
			};
			name = Debug;
		};
		FF743CC62F97FD72000BB063 /* Release */ = {
			isa = XCBuildConfiguration;
			buildSettings = {
				ASSETCATALOG_COMPILER_APPICON_NAME = AppIcon;
				ASSETCATALOG_COMPILER_GLOBAL_ACCENT_COLOR_NAME = AccentColor;
				CODE_SIGN_STYLE = Automatic;
				CURRENT_PROJECT_VERSION = 1;
				ENABLE_APP_SANDBOX = YES;
				ENABLE_HARDENED_RUNTIME = YES;
				ENABLE_OUTGOING_NETWORK_CONNECTIONS = YES;
				ENABLE_USER_SELECTED_FILES = readonly;
				GENERATE_INFOPLIST_FILE = YES;
				INFOPLIST_FILE = "macOS (App)/Info.plist";
				INFOPLIST_KEY_CFBundleDisplayName = FontSource;
				INFOPLIST_KEY_NSMainStoryboardFile = Main;
				INFOPLIST_KEY_NSPrincipalClass = NSApplication;
				LD_RUNPATH_SEARCH_PATHS = (
					"$(inherited)",
					"@executable_path/../Frameworks",
				);
				MACOSX_DEPLOYMENT_TARGET = 10.14;
				MARKETING_VERSION = 1.0;
				OTHER_LDFLAGS = (
					"-framework",
					SafariServices,
					"-framework",
					WebKit,
				);
				PRODUCT_BUNDLE_IDENTIFIER = com.raminfiroozye.FontSource;
				PRODUCT_NAME = FontSource;
				REGISTER_APP_GROUPS = YES;
				SDKROOT = macosx;
				STRING_CATALOG_GENERATE_SYMBOLS = YES;
				SWIFT_APPROACHABLE_CONCURRENCY = YES;
				SWIFT_DEFAULT_ACTOR_ISOLATION = MainActor;
				SWIFT_EMIT_LOC_STRINGS = YES;
				SWIFT_UPCOMING_FEATURE_MEMBER_IMPORT_VISIBILITY = YES;
				SWIFT_VERSION = 5.0;
			};
			name = Release;
		};
/* End XCBuildConfiguration section */

/* Begin XCConfigurationList section */
		FF743C6B2F97FD71000BB063 /* Build configuration list for PBXProject "FontSource" */ = {
			isa = XCConfigurationList;
			buildConfigurations = (
				FF743CB72F97FD72000BB063 /* Debug */,
				FF743CB82F97FD72000BB063 /* Release */,
			);
			defaultConfigurationIsVisible = 0;
			defaultConfigurationName = Release;
		};
		FF743CB92F97FD72000BB063 /* Build configuration list for PBXNativeTarget "FontSource Extension (iOS)" */ = {
			isa = XCConfigurationList;
			buildConfigurations = (
				FF743CBA2F97FD72000BB063 /* Debug */,
				FF743CBB2F97FD72000BB063 /* Release */,
			);
			defaultConfigurationIsVisible = 0;
			defaultConfigurationName = Release;
		};
		FF743CBD2F97FD72000BB063 /* Build configuration list for PBXNativeTarget "FontSource (iOS)" */ = {
			isa = XCConfigurationList;
			buildConfigurations = (
				FF743CBE2F97FD72000BB063 /* Debug */,
				FF743CBF2F97FD72000BB063 /* Release */,
			);
			defaultConfigurationIsVisible = 0;
			defaultConfigurationName = Release;
		};
		FF743CC02F97FD72000BB063 /* Build configuration list for PBXNativeTarget "FontSource Extension (macOS)" */ = {
			isa = XCConfigurationList;
			buildConfigurations = (
				FF743CC12F97FD72000BB063 /* Debug */,
				FF743CC22F97FD72000BB063 /* Release */,
			);
			defaultConfigurationIsVisible = 0;
			defaultConfigurationName = Release;
		};
		FF743CC42F97FD72000BB063 /* Build configuration list for PBXNativeTarget "FontSource (macOS)" */ = {
			isa = XCConfigurationList;
			buildConfigurations = (
				FF743CC52F97FD72000BB063 /* Debug */,
				FF743CC62F97FD72000BB063 /* Release */,
			);
			defaultConfigurationIsVisible = 0;
			defaultConfigurationName = Release;
		};
/* End XCConfigurationList section */
	};
	rootObject = FF743C682F97FD71000BB063 /* Project object */;
}
