// !$*UTF8*$!
{
	archiveVersion = 1;
	classes = {
	};
	objectVersion = 77;
	objects = {

/* Begin PBXBuildFile section */
		FF731B372F96EF8E002AC47D /* AppDelegate.swift in Sources */ = {isa = PBXBuildFile; fileRef = FF731B362F96EF8E002AC47D /* AppDelegate.swift */; };
		FF731B392F96EF8E002AC47D /* SceneDelegate.swift in Sources */ = {isa = PBXBuildFile; fileRef = FF731B382F96EF8E002AC47D /* SceneDelegate.swift */; };
		FF731B3C2F96EF8E002AC47D /* LaunchScreen.storyboard in Resources */ = {isa = PBXBuildFile; fileRef = FF731B3A2F96EF8E002AC47D /* LaunchScreen.storyboard */; };
		FF731B3F2F96EF8E002AC47D /* Main.storyboard in Resources */ = {isa = PBXBuildFile; fileRef = FF731B3D2F96EF8E002AC47D /* Main.storyboard */; };
		FF731B482F96EF8E002AC47D /* AppDelegate.swift in Sources */ = {isa = PBXBuildFile; fileRef = FF731B472F96EF8E002AC47D /* AppDelegate.swift */; };
		FF731B4B2F96EF8E002AC47D /* Main.storyboard in Resources */ = {isa = PBXBuildFile; fileRef = FF731B492F96EF8E002AC47D /* Main.storyboard */; };
		FF731B522F96EF8E002AC47D /* FontSource Extension.appex in Embed Foundation Extensions */ = {isa = PBXBuildFile; fileRef = FF731B512F96EF8E002AC47D /* FontSource Extension.appex */; settings = {ATTRIBUTES = (RemoveHeadersOnCopy, ); }; };
		FF731B5C2F96EF8E002AC47D /* FontSource Extension.appex in Embed Foundation Extensions */ = {isa = PBXBuildFile; fileRef = FF731B5B2F96EF8E002AC47D /* FontSource Extension.appex */; settings = {ATTRIBUTES = (RemoveHeadersOnCopy, ); }; };
		FF731B612F96EF8E002AC47D /* Main.html in Resources */ = {isa = PBXBuildFile; fileRef = FF731B262F96EF8C002AC47D /* Main.html */; };
		FF731B622F96EF8E002AC47D /* Main.html in Resources */ = {isa = PBXBuildFile; fileRef = FF731B262F96EF8C002AC47D /* Main.html */; };
		FF731B632F96EF8E002AC47D /* Icon.png in Resources */ = {isa = PBXBuildFile; fileRef = FF731B282F96EF8C002AC47D /* Icon.png */; };
		FF731B642F96EF8E002AC47D /* Icon.png in Resources */ = {isa = PBXBuildFile; fileRef = FF731B282F96EF8C002AC47D /* Icon.png */; };
		FF731B652F96EF8E002AC47D /* Style.css in Resources */ = {isa = PBXBuildFile; fileRef = FF731B292F96EF8C002AC47D /* Style.css */; };
		FF731B662F96EF8E002AC47D /* Style.css in Resources */ = {isa = PBXBuildFile; fileRef = FF731B292F96EF8C002AC47D /* Style.css */; };
		FF731B672F96EF8E002AC47D /* Script.js in Resources */ = {isa = PBXBuildFile; fileRef = FF731B2A2F96EF8C002AC47D /* Script.js */; };
		FF731B682F96EF8E002AC47D /* Script.js in Resources */ = {isa = PBXBuildFile; fileRef = FF731B2A2F96EF8C002AC47D /* Script.js */; };
		FF731B692F96EF8E002AC47D /* ViewController.swift in Sources */ = {isa = PBXBuildFile; fileRef = FF731B2B2F96EF8C002AC47D /* ViewController.swift */; };
		FF731B6A2F96EF8E002AC47D /* ViewController.swift in Sources */ = {isa = PBXBuildFile; fileRef = FF731B2B2F96EF8C002AC47D /* ViewController.swift */; };
		FF731B6B2F96EF8E002AC47D /* Assets.xcassets in Resources */ = {isa = PBXBuildFile; fileRef = FF731B2C2F96EF8D002AC47D /* Assets.xcassets */; };
		FF731B6C2F96EF8E002AC47D /* Assets.xcassets in Resources */ = {isa = PBXBuildFile; fileRef = FF731B2C2F96EF8D002AC47D /* Assets.xcassets */; };
		FF731B6D2F96EF8E002AC47D /* SafariWebExtensionHandler.swift in Sources */ = {isa = PBXBuildFile; fileRef = FF731B2E2F96EF8D002AC47D /* SafariWebExtensionHandler.swift */; };
		FF731B6E2F96EF8E002AC47D /* SafariWebExtensionHandler.swift in Sources */ = {isa = PBXBuildFile; fileRef = FF731B2E2F96EF8D002AC47D /* SafariWebExtensionHandler.swift */; };
		FF731B872F96EF8E002AC47D /* settings in Resources */ = {isa = PBXBuildFile; fileRef = FF731B802F96EF8E002AC47D /* settings */; };
		FF731B882F96EF8E002AC47D /* popup in Resources */ = {isa = PBXBuildFile; fileRef = FF731B812F96EF8E002AC47D /* popup */; };
		FF731B892F96EF8E002AC47D /* background.js in Resources */ = {isa = PBXBuildFile; fileRef = FF731B822F96EF8E002AC47D /* background.js */; };
		FF731B8A2F96EF8E002AC47D /* icons in Resources */ = {isa = PBXBuildFile; fileRef = FF731B832F96EF8E002AC47D /* icons */; };
		FF731B8B2F96EF8E002AC47D /* manifest.json in Resources */ = {isa = PBXBuildFile; fileRef = FF731B842F96EF8E002AC47D /* manifest.json */; };
		FF731B8C2F96EF8E002AC47D /* lib in Resources */ = {isa = PBXBuildFile; fileRef = FF731B852F96EF8E002AC47D /* lib */; };
		FF731B8D2F96EF8E002AC47D /* content.js in Resources */ = {isa = PBXBuildFile; fileRef = FF731B862F96EF8E002AC47D /* content.js */; };
		FF731B8E2F96EF8E002AC47D /* settings in Resources */ = {isa = PBXBuildFile; fileRef = FF731B802F96EF8E002AC47D /* settings */; };
		FF731B8F2F96EF8E002AC47D /* popup in Resources */ = {isa = PBXBuildFile; fileRef = FF731B812F96EF8E002AC47D /* popup */; };
		FF731B902F96EF8E002AC47D /* background.js in Resources */ = {isa = PBXBuildFile; fileRef = FF731B822F96EF8E002AC47D /* background.js */; };
		FF731B912F96EF8E002AC47D /* icons in Resources */ = {isa = PBXBuildFile; fileRef = FF731B832F96EF8E002AC47D /* icons */; };
		FF731B922F96EF8E002AC47D /* manifest.json in Resources */ = {isa = PBXBuildFile; fileRef = FF731B842F96EF8E002AC47D /* manifest.json */; };
		FF731B932F96EF8E002AC47D /* lib in Resources */ = {isa = PBXBuildFile; fileRef = FF731B852F96EF8E002AC47D /* lib */; };
		FF731B942F96EF8E002AC47D /* content.js in Resources */ = {isa = PBXBuildFile; fileRef = FF731B862F96EF8E002AC47D /* content.js */; };
/* End PBXBuildFile section */

/* Begin PBXContainerItemProxy section */
		FF731B532F96EF8E002AC47D /* PBXContainerItemProxy */ = {
			isa = PBXContainerItemProxy;
			containerPortal = FF731B202F96EF8C002AC47D /* Project object */;
			proxyType = 1;
			remoteGlobalIDString = FF731B502F96EF8E002AC47D;
			remoteInfo = "FontSource Extension (iOS)";
		};
		FF731B5D2F96EF8E002AC47D /* PBXContainerItemProxy */ = {
			isa = PBXContainerItemProxy;
			containerPortal = FF731B202F96EF8C002AC47D /* Project object */;
			proxyType = 1;
			remoteGlobalIDString = FF731B5A2F96EF8E002AC47D;
			remoteInfo = "FontSource Extension (macOS)";
		};
/* End PBXContainerItemProxy section */

/* Begin PBXCopyFilesBuildPhase section */
		FF731B742F96EF8E002AC47D /* Embed Foundation Extensions */ = {
			isa = PBXCopyFilesBuildPhase;
			buildActionMask = 2147483647;
			dstPath = "";
			dstSubfolderSpec = 13;
			files = (
				FF731B522F96EF8E002AC47D /* FontSource Extension.appex in Embed Foundation Extensions */,
			);
			name = "Embed Foundation Extensions";
			runOnlyForDeploymentPostprocessing = 0;
		};
		FF731B7B2F96EF8E002AC47D /* Embed Foundation Extensions */ = {
			isa = PBXCopyFilesBuildPhase;
			buildActionMask = 2147483647;
			dstPath = "";
			dstSubfolderSpec = 13;
			files = (
				FF731B5C2F96EF8E002AC47D /* FontSource Extension.appex in Embed Foundation Extensions */,
			);
			name = "Embed Foundation Extensions";
			runOnlyForDeploymentPostprocessing = 0;
		};
/* End PBXCopyFilesBuildPhase section */

/* Begin PBXFileReference section */
		FF731B272F96EF8C002AC47D /* Base */ = {isa = PBXFileReference; lastKnownFileType = text.html; name = Base; path = Base.lproj/Main.html; sourceTree = "<group>"; };
		FF731B282F96EF8C002AC47D /* Icon.png */ = {isa = PBXFileReference; lastKnownFileType = image.png; path = Icon.png; sourceTree = "<group>"; };
		FF731B292F96EF8C002AC47D /* Style.css */ = {isa = PBXFileReference; lastKnownFileType = text.css; path = Style.css; sourceTree = "<group>"; };
		FF731B2A2F96EF8C002AC47D /* Script.js */ = {isa = PBXFileReference; lastKnownFileType = sourcecode.javascript; path = Script.js; sourceTree = "<group>"; };
		FF731B2B2F96EF8C002AC47D /* ViewController.swift */ = {isa = PBXFileReference; lastKnownFileType = sourcecode.swift; path = ViewController.swift; sourceTree = "<group>"; };
		FF731B2C2F96EF8D002AC47D /* Assets.xcassets */ = {isa = PBXFileReference; lastKnownFileType = folder.assetcatalog; path = Assets.xcassets; sourceTree = "<group>"; };
		FF731B2E2F96EF8D002AC47D /* SafariWebExtensionHandler.swift */ = {isa = PBXFileReference; lastKnownFileType = sourcecode.swift; path = SafariWebExtensionHandler.swift; sourceTree = "<group>"; };
		FF731B332F96EF8E002AC47D /* FontSource.app */ = {isa = PBXFileReference; explicitFileType = wrapper.application; includeInIndex = 0; path = FontSource.app; sourceTree = BUILT_PRODUCTS_DIR; };
		FF731B362F96EF8E002AC47D /* AppDelegate.swift */ = {isa = PBXFileReference; lastKnownFileType = sourcecode.swift; path = AppDelegate.swift; sourceTree = "<group>"; };
		FF731B382F96EF8E002AC47D /* SceneDelegate.swift */ = {isa = PBXFileReference; lastKnownFileType = sourcecode.swift; path = SceneDelegate.swift; sourceTree = "<group>"; };
		FF731B3B2F96EF8E002AC47D /* Base */ = {isa = PBXFileReference; lastKnownFileType = file.storyboard; name = Base; path = Base.lproj/LaunchScreen.storyboard; sourceTree = "<group>"; };
		FF731B3E2F96EF8E002AC47D /* Base */ = {isa = PBXFileReference; lastKnownFileType = file.storyboard; name = Base; path = Base.lproj/Main.storyboard; sourceTree = "<group>"; };
		FF731B402F96EF8E002AC47D /* Info.plist */ = {isa = PBXFileReference; lastKnownFileType = text.plist.xml; path = Info.plist; sourceTree = "<group>"; };
		FF731B452F96EF8E002AC47D /* FontSource.app */ = {isa = PBXFileReference; explicitFileType = wrapper.application; includeInIndex = 0; path = FontSource.app; sourceTree = BUILT_PRODUCTS_DIR; };
		FF731B472F96EF8E002AC47D /* AppDelegate.swift */ = {isa = PBXFileReference; lastKnownFileType = sourcecode.swift; path = AppDelegate.swift; sourceTree = "<group>"; };
		FF731B4A2F96EF8E002AC47D /* Base */ = {isa = PBXFileReference; lastKnownFileType = file.storyboard; name = Base; path = Base.lproj/Main.storyboard; sourceTree = "<group>"; };
		FF731B4C2F96EF8E002AC47D /* Info.plist */ = {isa = PBXFileReference; lastKnownFileType = text.plist.xml; path = Info.plist; sourceTree = "<group>"; };
		FF731B512F96EF8E002AC47D /* FontSource Extension.appex */ = {isa = PBXFileReference; explicitFileType = "wrapper.app-extension"; includeInIndex = 0; path = "FontSource Extension.appex"; sourceTree = BUILT_PRODUCTS_DIR; };
		FF731B562F96EF8E002AC47D /* Info.plist */ = {isa = PBXFileReference; lastKnownFileType = text.plist.xml; path = Info.plist; sourceTree = "<group>"; };
		FF731B5B2F96EF8E002AC47D /* FontSource Extension.appex */ = {isa = PBXFileReference; explicitFileType = "wrapper.app-extension"; includeInIndex = 0; path = "FontSource Extension.appex"; sourceTree = BUILT_PRODUCTS_DIR; };
		FF731B602F96EF8E002AC47D /* Info.plist */ = {isa = PBXFileReference; lastKnownFileType = text.plist.xml; path = Info.plist; sourceTree = "<group>"; };
		FF731B802F96EF8E002AC47D /* settings */ = {isa = PBXFileReference; lastKnownFileType = folder; name = settings; path = ../../../dist/settings; sourceTree = "<group>"; };
		FF731B812F96EF8E002AC47D /* popup */ = {isa = PBXFileReference; lastKnownFileType = folder; name = popup; path = ../../../dist/popup; sourceTree = "<group>"; };
		FF731B822F96EF8E002AC47D /* background.js */ = {isa = PBXFileReference; lastKnownFileType = sourcecode.javascript; name = background.js; path = ../../../dist/background.js; sourceTree = "<group>"; };
		FF731B832F96EF8E002AC47D /* icons */ = {isa = PBXFileReference; lastKnownFileType = folder; name = icons; path = ../../../dist/icons; sourceTree = "<group>"; };
		FF731B842F96EF8E002AC47D /* manifest.json */ = {isa = PBXFileReference; lastKnownFileType = text.json; name = manifest.json; path = ../../../dist/manifest.json; sourceTree = "<group>"; };
		FF731B852F96EF8E002AC47D /* lib */ = {isa = PBXFileReference; lastKnownFileType = folder; name = lib; path = ../../../dist/lib; sourceTree = "<group>"; };
		FF731B862F96EF8E002AC47D /* content.js */ = {isa = PBXFileReference; lastKnownFileType = sourcecode.javascript; name = content.js; path = ../../../dist/content.js; sourceTree = "<group>"; };
/* End PBXFileReference section */

/* Begin PBXFrameworksBuildPhase section */
		FF731B302F96EF8E002AC47D /* Frameworks */ = {
			isa = PBXFrameworksBuildPhase;
			buildActionMask = 2147483647;
			files = (
			);
			runOnlyForDeploymentPostprocessing = 0;
		};
		FF731B422F96EF8E002AC47D /* Frameworks */ = {
			isa = PBXFrameworksBuildPhase;
			buildActionMask = 2147483647;
			files = (
			);
			runOnlyForDeploymentPostprocessing = 0;
		};
		FF731B4E2F96EF8E002AC47D /* Frameworks */ = {
			isa = PBXFrameworksBuildPhase;
			buildActionMask = 2147483647;
			files = (
			);
			runOnlyForDeploymentPostprocessing = 0;
		};
		FF731B582F96EF8E002AC47D /* Frameworks */ = {
			isa = PBXFrameworksBuildPhase;
			buildActionMask = 2147483647;
			files = (
			);
			runOnlyForDeploymentPostprocessing = 0;
		};
/* End PBXFrameworksBuildPhase section */

/* Begin PBXGroup section */
		FF731B1F2F96EF8C002AC47D = {
			isa = PBXGroup;
			children = (
				FF731B242F96EF8C002AC47D /* Shared (App) */,
				FF731B2D2F96EF8D002AC47D /* Shared (Extension) */,
				FF731B352F96EF8E002AC47D /* iOS (App) */,
				FF731B462F96EF8E002AC47D /* macOS (App) */,
				FF731B552F96EF8E002AC47D /* iOS (Extension) */,
				FF731B5F2F96EF8E002AC47D /* macOS (Extension) */,
				FF731B342F96EF8E002AC47D /* Products */,
			);
			sourceTree = "<group>";
		};
		FF731B242F96EF8C002AC47D /* Shared (App) */ = {
			isa = PBXGroup;
			children = (
				FF731B2B2F96EF8C002AC47D /* ViewController.swift */,
				FF731B2C2F96EF8D002AC47D /* Assets.xcassets */,
				FF731B252F96EF8C002AC47D /* Resources */,
			);
			path = "Shared (App)";
			sourceTree = "<group>";
		};
		FF731B252F96EF8C002AC47D /* Resources */ = {
			isa = PBXGroup;
			children = (
				FF731B262F96EF8C002AC47D /* Main.html */,
				FF731B282F96EF8C002AC47D /* Icon.png */,
				FF731B292F96EF8C002AC47D /* Style.css */,
				FF731B2A2F96EF8C002AC47D /* Script.js */,
			);
			path = Resources;
			sourceTree = "<group>";
		};
		FF731B2D2F96EF8D002AC47D /* Shared (Extension) */ = {
			isa = PBXGroup;
			children = (
				FF731B7F2F96EF8E002AC47D /* Resources */,
				FF731B2E2F96EF8D002AC47D /* SafariWebExtensionHandler.swift */,
			);
			path = "Shared (Extension)";
			sourceTree = "<group>";
		};
		FF731B342F96EF8E002AC47D /* Products */ = {
			isa = PBXGroup;
			children = (
				FF731B332F96EF8E002AC47D /* FontSource.app */,
				FF731B452F96EF8E002AC47D /* FontSource.app */,
				FF731B512F96EF8E002AC47D /* FontSource Extension.appex */,
				FF731B5B2F96EF8E002AC47D /* FontSource Extension.appex */,
			);
			name = Products;
			sourceTree = "<group>";
		};
		FF731B352F96EF8E002AC47D /* iOS (App) */ = {
			isa = PBXGroup;
			children = (
				FF731B362F96EF8E002AC47D /* AppDelegate.swift */,
				FF731B382F96EF8E002AC47D /* SceneDelegate.swift */,
				FF731B3A2F96EF8E002AC47D /* LaunchScreen.storyboard */,
				FF731B3D2F96EF8E002AC47D /* Main.storyboard */,
				FF731B402F96EF8E002AC47D /* Info.plist */,
			);
			path = "iOS (App)";
			sourceTree = "<group>";
		};
		FF731B462F96EF8E002AC47D /* macOS (App) */ = {
			isa = PBXGroup;
			children = (
				FF731B472F96EF8E002AC47D /* AppDelegate.swift */,
				FF731B492F96EF8E002AC47D /* Main.storyboard */,
				FF731B4C2F96EF8E002AC47D /* Info.plist */,
			);
			path = "macOS (App)";
			sourceTree = "<group>";
		};
		FF731B552F96EF8E002AC47D /* iOS (Extension) */ = {
			isa = PBXGroup;
			children = (
				FF731B562F96EF8E002AC47D /* Info.plist */,
			);
			path = "iOS (Extension)";
			sourceTree = "<group>";
		};
		FF731B5F2F96EF8E002AC47D /* macOS (Extension) */ = {
			isa = PBXGroup;
			children = (
				FF731B602F96EF8E002AC47D /* Info.plist */,
			);
			path = "macOS (Extension)";
			sourceTree = "<group>";
		};
		FF731B7F2F96EF8E002AC47D /* Resources */ = {
			isa = PBXGroup;
			children = (
				FF731B802F96EF8E002AC47D /* settings */,
				FF731B812F96EF8E002AC47D /* popup */,
				FF731B822F96EF8E002AC47D /* background.js */,
				FF731B832F96EF8E002AC47D /* icons */,
				FF731B842F96EF8E002AC47D /* manifest.json */,
				FF731B852F96EF8E002AC47D /* lib */,
				FF731B862F96EF8E002AC47D /* content.js */,
			);
			name = Resources;
			path = "Shared (Extension)";
			sourceTree = SOURCE_ROOT;
		};
/* End PBXGroup section */

/* Begin PBXNativeTarget section */
		FF731B322F96EF8E002AC47D /* FontSource (iOS) */ = {
			isa = PBXNativeTarget;
			buildConfigurationList = FF731B752F96EF8E002AC47D /* Build configuration list for PBXNativeTarget "FontSource (iOS)" */;
			buildPhases = (
				FF731B2F2F96EF8E002AC47D /* Sources */,
				FF731B302F96EF8E002AC47D /* Frameworks */,
				FF731B312F96EF8E002AC47D /* Resources */,
				FF731B742F96EF8E002AC47D /* Embed Foundation Extensions */,
			);
			buildRules = (
			);
			dependencies = (
				FF731B542F96EF8E002AC47D /* PBXTargetDependency */,
			);
			name = "FontSource (iOS)";
			packageProductDependencies = (
			);
			productName = "FontSource (iOS)";
			productReference = FF731B332F96EF8E002AC47D /* FontSource.app */;
			productType = "com.apple.product-type.application";
		};
		FF731B442F96EF8E002AC47D /* FontSource (macOS) */ = {
			isa = PBXNativeTarget;
			buildConfigurationList = FF731B7C2F96EF8E002AC47D /* Build configuration list for PBXNativeTarget "FontSource (macOS)" */;
			buildPhases = (
				FF731B412F96EF8E002AC47D /* Sources */,
				FF731B422F96EF8E002AC47D /* Frameworks */,
				FF731B432F96EF8E002AC47D /* Resources */,
				FF731B7B2F96EF8E002AC47D /* Embed Foundation Extensions */,
			);
			buildRules = (
			);
			dependencies = (
				FF731B5E2F96EF8E002AC47D /* PBXTargetDependency */,
			);
			name = "FontSource (macOS)";
			packageProductDependencies = (
			);
			productName = "FontSource (macOS)";
			productReference = FF731B452F96EF8E002AC47D /* FontSource.app */;
			productType = "com.apple.product-type.application";
		};
		FF731B502F96EF8E002AC47D /* FontSource Extension (iOS) */ = {
			isa = PBXNativeTarget;
			buildConfigurationList = FF731B712F96EF8E002AC47D /* Build configuration list for PBXNativeTarget "FontSource Extension (iOS)" */;
			buildPhases = (
				FF731B4D2F96EF8E002AC47D /* Sources */,
				FF731B4E2F96EF8E002AC47D /* Frameworks */,
				FF731B4F2F96EF8E002AC47D /* Resources */,
			);
			buildRules = (
			);
			dependencies = (
			);
			name = "FontSource Extension (iOS)";
			packageProductDependencies = (
			);
			productName = "FontSource Extension (iOS)";
			productReference = FF731B512F96EF8E002AC47D /* FontSource Extension.appex */;
			productType = "com.apple.product-type.app-extension";
		};
		FF731B5A2F96EF8E002AC47D /* FontSource Extension (macOS) */ = {
			isa = PBXNativeTarget;
			buildConfigurationList = FF731B782F96EF8E002AC47D /* Build configuration list for PBXNativeTarget "FontSource Extension (macOS)" */;
			buildPhases = (
				FF731B572F96EF8E002AC47D /* Sources */,
				FF731B582F96EF8E002AC47D /* Frameworks */,
				FF731B592F96EF8E002AC47D /* Resources */,
			);
			buildRules = (
			);
			dependencies = (
			);
			name = "FontSource Extension (macOS)";
			packageProductDependencies = (
			);
			productName = "FontSource Extension (macOS)";
			productReference = FF731B5B2F96EF8E002AC47D /* FontSource Extension.appex */;
			productType = "com.apple.product-type.app-extension";
		};
/* End PBXNativeTarget section */

/* Begin PBXProject section */
		FF731B202F96EF8C002AC47D /* Project object */ = {
			isa = PBXProject;
			attributes = {
				BuildIndependentTargetsInParallel = 1;
				LastSwiftUpdateCheck = 2640;
				LastUpgradeCheck = 2640;
				TargetAttributes = {
					FF731B322F96EF8E002AC47D = {
						CreatedOnToolsVersion = 26.4.1;
					};
					FF731B442F96EF8E002AC47D = {
						CreatedOnToolsVersion = 26.4.1;
					};
					FF731B502F96EF8E002AC47D = {
						CreatedOnToolsVersion = 26.4.1;
					};
					FF731B5A2F96EF8E002AC47D = {
						CreatedOnToolsVersion = 26.4.1;
					};
				};
			};
			buildConfigurationList = FF731B232F96EF8C002AC47D /* Build configuration list for PBXProject "FontSource" */;
			developmentRegion = en;
			hasScannedForEncodings = 0;
			knownRegions = (
				en,
				Base,
			);
			mainGroup = FF731B1F2F96EF8C002AC47D;
			minimizedProjectReferenceProxies = 1;
			preferredProjectObjectVersion = 77;
			productRefGroup = FF731B342F96EF8E002AC47D /* Products */;
			projectDirPath = "";
			projectRoot = "";
			targets = (
				FF731B322F96EF8E002AC47D /* FontSource (iOS) */,
				FF731B442F96EF8E002AC47D /* FontSource (macOS) */,
				FF731B502F96EF8E002AC47D /* FontSource Extension (iOS) */,
				FF731B5A2F96EF8E002AC47D /* FontSource Extension (macOS) */,
			);
		};
/* End PBXProject section */

/* Begin PBXResourcesBuildPhase section */
		FF731B312F96EF8E002AC47D /* Resources */ = {
			isa = PBXResourcesBuildPhase;
			buildActionMask = 2147483647;
			files = (
				FF731B632F96EF8E002AC47D /* Icon.png in Resources */,
				FF731B3C2F96EF8E002AC47D /* LaunchScreen.storyboard in Resources */,
				FF731B612F96EF8E002AC47D /* Main.html in Resources */,
				FF731B672F96EF8E002AC47D /* Script.js in Resources */,
				FF731B6B2F96EF8E002AC47D /* Assets.xcassets in Resources */,
				FF731B3F2F96EF8E002AC47D /* Main.storyboard in Resources */,
				FF731B652F96EF8E002AC47D /* Style.css in Resources */,
			);
			runOnlyForDeploymentPostprocessing = 0;
		};
		FF731B432F96EF8E002AC47D /* Resources */ = {
			isa = PBXResourcesBuildPhase;
			buildActionMask = 2147483647;
			files = (
				FF731B642F96EF8E002AC47D /* Icon.png in Resources */,
				FF731B662F96EF8E002AC47D /* Style.css in Resources */,
				FF731B4B2F96EF8E002AC47D /* Main.storyboard in Resources */,
				FF731B682F96EF8E002AC47D /* Script.js in Resources */,
				FF731B6C2F96EF8E002AC47D /* Assets.xcassets in Resources */,
				FF731B622F96EF8E002AC47D /* Main.html in Resources */,
			);
			runOnlyForDeploymentPostprocessing = 0;
		};
		FF731B4F2F96EF8E002AC47D /* Resources */ = {
			isa = PBXResourcesBuildPhase;
			buildActionMask = 2147483647;
			files = (
				FF731B932F96EF8E002AC47D /* lib in Resources */,
				FF731B8E2F96EF8E002AC47D /* settings in Resources */,
				FF731B912F96EF8E002AC47D /* icons in Resources */,
				FF731B922F96EF8E002AC47D /* manifest.json in Resources */,
				FF731B902F96EF8E002AC47D /* background.js in Resources */,
				FF731B942F96EF8E002AC47D /* content.js in Resources */,
				FF731B8F2F96EF8E002AC47D /* popup in Resources */,
			);
			runOnlyForDeploymentPostprocessing = 0;
		};
		FF731B592F96EF8E002AC47D /* Resources */ = {
			isa = PBXResourcesBuildPhase;
			buildActionMask = 2147483647;
			files = (
				FF731B8C2F96EF8E002AC47D /* lib in Resources */,
				FF731B872F96EF8E002AC47D /* settings in Resources */,
				FF731B8A2F96EF8E002AC47D /* icons in Resources */,
				FF731B8B2F96EF8E002AC47D /* manifest.json in Resources */,
				FF731B892F96EF8E002AC47D /* background.js in Resources */,
				FF731B8D2F96EF8E002AC47D /* content.js in Resources */,
				FF731B882F96EF8E002AC47D /* popup in Resources */,
			);
			runOnlyForDeploymentPostprocessing = 0;
		};
/* End PBXResourcesBuildPhase section */

/* Begin PBXSourcesBuildPhase section */
		FF731B2F2F96EF8E002AC47D /* Sources */ = {
			isa = PBXSourcesBuildPhase;
			buildActionMask = 2147483647;
			files = (
				FF731B692F96EF8E002AC47D /* ViewController.swift in Sources */,
				FF731B372F96EF8E002AC47D /* AppDelegate.swift in Sources */,
				FF731B392F96EF8E002AC47D /* SceneDelegate.swift in Sources */,
			);
			runOnlyForDeploymentPostprocessing = 0;
		};
		FF731B412F96EF8E002AC47D /* Sources */ = {
			isa = PBXSourcesBuildPhase;
			buildActionMask = 2147483647;
			files = (
				FF731B6A2F96EF8E002AC47D /* ViewController.swift in Sources */,
				FF731B482F96EF8E002AC47D /* AppDelegate.swift in Sources */,
			);
			runOnlyForDeploymentPostprocessing = 0;
		};
		FF731B4D2F96EF8E002AC47D /* Sources */ = {
			isa = PBXSourcesBuildPhase;
			buildActionMask = 2147483647;
			files = (
				FF731B6D2F96EF8E002AC47D /* SafariWebExtensionHandler.swift in Sources */,
			);
			runOnlyForDeploymentPostprocessing = 0;
		};
		FF731B572F96EF8E002AC47D /* Sources */ = {
			isa = PBXSourcesBuildPhase;
			buildActionMask = 2147483647;
			files = (
				FF731B6E2F96EF8E002AC47D /* SafariWebExtensionHandler.swift in Sources */,
			);
			runOnlyForDeploymentPostprocessing = 0;
		};
/* End PBXSourcesBuildPhase section */

/* Begin PBXTargetDependency section */
		FF731B542F96EF8E002AC47D /* PBXTargetDependency */ = {
			isa = PBXTargetDependency;
			target = FF731B502F96EF8E002AC47D /* FontSource Extension (iOS) */;
			targetProxy = FF731B532F96EF8E002AC47D /* PBXContainerItemProxy */;
		};
		FF731B5E2F96EF8E002AC47D /* PBXTargetDependency */ = {
			isa = PBXTargetDependency;
			target = FF731B5A2F96EF8E002AC47D /* FontSource Extension (macOS) */;
			targetProxy = FF731B5D2F96EF8E002AC47D /* PBXContainerItemProxy */;
		};
/* End PBXTargetDependency section */

/* Begin PBXVariantGroup section */
		FF731B262F96EF8C002AC47D /* Main.html */ = {
			isa = PBXVariantGroup;
			children = (
				FF731B272F96EF8C002AC47D /* Base */,
			);
			name = Main.html;
			sourceTree = "<group>";
		};
		FF731B3A2F96EF8E002AC47D /* LaunchScreen.storyboard */ = {
			isa = PBXVariantGroup;
			children = (
				FF731B3B2F96EF8E002AC47D /* Base */,
			);
			name = LaunchScreen.storyboard;
			sourceTree = "<group>";
		};
		FF731B3D2F96EF8E002AC47D /* Main.storyboard */ = {
			isa = PBXVariantGroup;
			children = (
				FF731B3E2F96EF8E002AC47D /* Base */,
			);
			name = Main.storyboard;
			sourceTree = "<group>";
		};
		FF731B492F96EF8E002AC47D /* Main.storyboard */ = {
			isa = PBXVariantGroup;
			children = (
				FF731B4A2F96EF8E002AC47D /* Base */,
			);
			name = Main.storyboard;
			sourceTree = "<group>";
		};
/* End PBXVariantGroup section */

/* Begin XCBuildConfiguration section */
		FF731B6F2F96EF8E002AC47D /* Debug */ = {
			isa = XCBuildConfiguration;
			buildSettings = {
				ALWAYS_SEARCH_USER_PATHS = NO;
				ASSETCATALOG_COMPILER_GENERATE_SWIFT_ASSET_SYMBOL_EXTENSIONS = YES;
				CLANG_ANALYZER_NONNULL = YES;
				CLANG_ANALYZER_NUMBER_OBJECT_CONVERSION = YES_AGGRESSIVE;
				CLANG_CXX_LANGUAGE_STANDARD = "gnu++20";
				CLANG_ENABLE_MODULES = YES;
				CLANG_ENABLE_OBJC_ARC = YES;
				CLANG_ENABLE_OBJC_WEAK = YES;
				CLANG_WARN_BLOCK_CAPTURE_AUTORELEASING = YES;
				CLANG_WARN_BOOL_CONVERSION = YES;
				CLANG_WARN_COMMA = YES;
				CLANG_WARN_CONSTANT_CONVERSION = YES;
				CLANG_WARN_DEPRECATED_OBJC_IMPLEMENTATIONS = YES;
				CLANG_WARN_DIRECT_OBJC_ISA_USAGE = YES_ERROR;
				CLANG_WARN_DOCUMENTATION_COMMENTS = YES;
				CLANG_WARN_EMPTY_BODY = YES;
				CLANG_WARN_ENUM_CONVERSION = YES;
				CLANG_WARN_INFINITE_RECURSION = YES;
				CLANG_WARN_INT_CONVERSION = YES;
				CLANG_WARN_NON_LITERAL_NULL_CONVERSION = YES;
				CLANG_WARN_OBJC_IMPLICIT_RETAIN_SELF = YES;
				CLANG_WARN_OBJC_LITERAL_CONVERSION = YES;
				CLANG_WARN_OBJC_ROOT_CLASS = YES_ERROR;
				CLANG_WARN_QUOTED_INCLUDE_IN_FRAMEWORK_HEADER = YES;
				CLANG_WARN_RANGE_LOOP_ANALYSIS = YES;
				CLANG_WARN_STRICT_PROTOTYPES = YES;
				CLANG_WARN_SUSPICIOUS_MOVE = YES;
				CLANG_WARN_UNGUARDED_AVAILABILITY = YES_AGGRESSIVE;
				CLANG_WARN_UNREACHABLE_CODE = YES;
				CLANG_WARN__DUPLICATE_METHOD_MATCH = YES;
				COPY_PHASE_STRIP = NO;
				DEBUG_INFORMATION_FORMAT = dwarf;
				ENABLE_STRICT_OBJC_MSGSEND = YES;
				ENABLE_TESTABILITY = YES;
				ENABLE_USER_SCRIPT_SANDBOXING = YES;
				GCC_C_LANGUAGE_STANDARD = gnu17;
				GCC_DYNAMIC_NO_PIC = NO;
				GCC_NO_COMMON_BLOCKS = YES;
				GCC_OPTIMIZATION_LEVEL = 0;
				GCC_PREPROCESSOR_DEFINITIONS = (
					"DEBUG=1",
					"$(inherited)",
				);
				GCC_WARN_64_TO_32_BIT_CONVERSION = YES;
				GCC_WARN_ABOUT_RETURN_TYPE = YES_ERROR;
				GCC_WARN_UNDECLARED_SELECTOR = YES;
				GCC_WARN_UNINITIALIZED_AUTOS = YES_AGGRESSIVE;
				GCC_WARN_UNUSED_FUNCTION = YES;
				GCC_WARN_UNUSED_VARIABLE = YES;
				LOCALIZATION_PREFERS_STRING_CATALOGS = YES;
				MTL_ENABLE_DEBUG_INFO = INCLUDE_SOURCE;
				MTL_FAST_MATH = YES;
				ONLY_ACTIVE_ARCH = YES;
				SWIFT_ACTIVE_COMPILATION_CONDITIONS = "DEBUG $(inherited)";
				SWIFT_OPTIMIZATION_LEVEL = "-Onone";
			};
			name = Debug;
		};
		FF731B702F96EF8E002AC47D /* Release */ = {
			isa = XCBuildConfiguration;
			buildSettings = {
				ALWAYS_SEARCH_USER_PATHS = NO;
				ASSETCATALOG_COMPILER_GENERATE_SWIFT_ASSET_SYMBOL_EXTENSIONS = YES;
				CLANG_ANALYZER_NONNULL = YES;
				CLANG_ANALYZER_NUMBER_OBJECT_CONVERSION = YES_AGGRESSIVE;
				CLANG_CXX_LANGUAGE_STANDARD = "gnu++20";
				CLANG_ENABLE_MODULES = YES;
				CLANG_ENABLE_OBJC_ARC = YES;
				CLANG_ENABLE_OBJC_WEAK = YES;
				CLANG_WARN_BLOCK_CAPTURE_AUTORELEASING = YES;
				CLANG_WARN_BOOL_CONVERSION = YES;
				CLANG_WARN_COMMA = YES;
				CLANG_WARN_CONSTANT_CONVERSION = YES;
				CLANG_WARN_DEPRECATED_OBJC_IMPLEMENTATIONS = YES;
				CLANG_WARN_DIRECT_OBJC_ISA_USAGE = YES_ERROR;
				CLANG_WARN_DOCUMENTATION_COMMENTS = YES;
				CLANG_WARN_EMPTY_BODY = YES;
				CLANG_WARN_ENUM_CONVERSION = YES;
				CLANG_WARN_INFINITE_RECURSION = YES;
				CLANG_WARN_INT_CONVERSION = YES;
				CLANG_WARN_NON_LITERAL_NULL_CONVERSION = YES;
				CLANG_WARN_OBJC_IMPLICIT_RETAIN_SELF = YES;
				CLANG_WARN_OBJC_LITERAL_CONVERSION = YES;
				CLANG_WARN_OBJC_ROOT_CLASS = YES_ERROR;
				CLANG_WARN_QUOTED_INCLUDE_IN_FRAMEWORK_HEADER = YES;
				CLANG_WARN_RANGE_LOOP_ANALYSIS = YES;
				CLANG_WARN_STRICT_PROTOTYPES = YES;
				CLANG_WARN_SUSPICIOUS_MOVE = YES;
				CLANG_WARN_UNGUARDED_AVAILABILITY = YES_AGGRESSIVE;
				CLANG_WARN_UNREACHABLE_CODE = YES;
				CLANG_WARN__DUPLICATE_METHOD_MATCH = YES;
				COPY_PHASE_STRIP = NO;
				DEBUG_INFORMATION_FORMAT = "dwarf-with-dsym";
				ENABLE_NS_ASSERTIONS = NO;
				ENABLE_STRICT_OBJC_MSGSEND = YES;
				ENABLE_USER_SCRIPT_SANDBOXING = YES;
				GCC_C_LANGUAGE_STANDARD = gnu17;
				GCC_NO_COMMON_BLOCKS = YES;
				GCC_WARN_64_TO_32_BIT_CONVERSION = YES;
				GCC_WARN_ABOUT_RETURN_TYPE = YES_ERROR;
				GCC_WARN_UNDECLARED_SELECTOR = YES;
				GCC_WARN_UNINITIALIZED_AUTOS = YES_AGGRESSIVE;
				GCC_WARN_UNUSED_FUNCTION = YES;
				GCC_WARN_UNUSED_VARIABLE = YES;
				LOCALIZATION_PREFERS_STRING_CATALOGS = YES;
				MTL_ENABLE_DEBUG_INFO = NO;
				MTL_FAST_MATH = YES;
				SWIFT_COMPILATION_MODE = wholemodule;
			};
			name = Release;
		};
		FF731B722F96EF8E002AC47D /* Debug */ = {
			isa = XCBuildConfiguration;
			buildSettings = {
				CODE_SIGN_STYLE = Automatic;
				CURRENT_PROJECT_VERSION = 1;
				GENERATE_INFOPLIST_FILE = YES;
				INFOPLIST_FILE = "iOS (Extension)/Info.plist";
				INFOPLIST_KEY_CFBundleDisplayName = "FontSource Extension";
				INFOPLIST_KEY_NSHumanReadableCopyright = "";
				IPHONEOS_DEPLOYMENT_TARGET = 15.0;
				LD_RUNPATH_SEARCH_PATHS = (
					"$(inherited)",
					"@executable_path/Frameworks",
					"@executable_path/../../Frameworks",
				);
				MARKETING_VERSION = 1.0;
				OTHER_LDFLAGS = (
					"-framework",
					SafariServices,
				);
				PRODUCT_BUNDLE_IDENTIFIER = com.yourCompany.FontSource.Extension;
				PRODUCT_NAME = "FontSource Extension";
				SDKROOT = iphoneos;
				SKIP_INSTALL = YES;
				STRING_CATALOG_GENERATE_SYMBOLS = YES;
				SWIFT_APPROACHABLE_CONCURRENCY = YES;
				SWIFT_EMIT_LOC_STRINGS = YES;
				SWIFT_UPCOMING_FEATURE_MEMBER_IMPORT_VISIBILITY = YES;
				SWIFT_VERSION = 5.0;
				TARGETED_DEVICE_FAMILY = "1,2";
			};
			name = Debug;
		};
		FF731B732F96EF8E002AC47D /* Release */ = {
			isa = XCBuildConfiguration;
			buildSettings = {
				CODE_SIGN_STYLE = Automatic;
				CURRENT_PROJECT_VERSION = 1;
				GENERATE_INFOPLIST_FILE = YES;
				INFOPLIST_FILE = "iOS (Extension)/Info.plist";
				INFOPLIST_KEY_CFBundleDisplayName = "FontSource Extension";
				INFOPLIST_KEY_NSHumanReadableCopyright = "";
				IPHONEOS_DEPLOYMENT_TARGET = 15.0;
				LD_RUNPATH_SEARCH_PATHS = (
					"$(inherited)",
					"@executable_path/Frameworks",
					"@executable_path/../../Frameworks",
				);
				MARKETING_VERSION = 1.0;
				OTHER_LDFLAGS = (
					"-framework",
					SafariServices,
				);
				PRODUCT_BUNDLE_IDENTIFIER = com.yourCompany.FontSource.Extension;
				PRODUCT_NAME = "FontSource Extension";
				SDKROOT = iphoneos;
				SKIP_INSTALL = YES;
				STRING_CATALOG_GENERATE_SYMBOLS = YES;
				SWIFT_APPROACHABLE_CONCURRENCY = YES;
				SWIFT_EMIT_LOC_STRINGS = YES;
				SWIFT_UPCOMING_FEATURE_MEMBER_IMPORT_VISIBILITY = YES;
				SWIFT_VERSION = 5.0;
				TARGETED_DEVICE_FAMILY = "1,2";
				VALIDATE_PRODUCT = YES;
			};
			name = Release;
		};
		FF731B762F96EF8E002AC47D /* Debug */ = {
			isa = XCBuildConfiguration;
			buildSettings = {
				ASSETCATALOG_COMPILER_APPICON_NAME = AppIcon;
				ASSETCATALOG_COMPILER_GLOBAL_ACCENT_COLOR_NAME = AccentColor;
				CODE_SIGN_STYLE = Automatic;
				CURRENT_PROJECT_VERSION = 1;
				DEVELOPMENT_TEAM = S9M98WPW23;
				GENERATE_INFOPLIST_FILE = YES;
				INFOPLIST_FILE = "iOS (App)/Info.plist";
				INFOPLIST_KEY_CFBundleDisplayName = FontSource;
				INFOPLIST_KEY_UIApplicationSupportsIndirectInputEvents = YES;
				INFOPLIST_KEY_UILaunchStoryboardName = LaunchScreen;
				INFOPLIST_KEY_UIMainStoryboardFile = Main;
				INFOPLIST_KEY_UISupportedInterfaceOrientations = "UIInterfaceOrientationPortrait UIInterfaceOrientationLandscapeLeft UIInterfaceOrientationLandscapeRight";
				INFOPLIST_KEY_UISupportedInterfaceOrientations_iPad = "UIInterfaceOrientationPortrait UIInterfaceOrientationPortraitUpsideDown UIInterfaceOrientationLandscapeLeft UIInterfaceOrientationLandscapeRight";
				IPHONEOS_DEPLOYMENT_TARGET = 15.0;
				LD_RUNPATH_SEARCH_PATHS = (
					"$(inherited)",
					"@executable_path/Frameworks",
				);
				MARKETING_VERSION = 1.0;
				OTHER_LDFLAGS = (
					"-framework",
					SafariServices,
					"-framework",
					WebKit,
				);
				PRODUCT_BUNDLE_IDENTIFIER = com.raminfiroozye.FontSource;
				PRODUCT_NAME = FontSource;
				SDKROOT = iphoneos;
				STRING_CATALOG_GENERATE_SYMBOLS = YES;
				SWIFT_APPROACHABLE_CONCURRENCY = YES;
				SWIFT_DEFAULT_ACTOR_ISOLATION = MainActor;
				SWIFT_EMIT_LOC_STRINGS = YES;
				SWIFT_UPCOMING_FEATURE_MEMBER_IMPORT_VISIBILITY = YES;
				SWIFT_VERSION = 5.0;
				TARGETED_DEVICE_FAMILY = "1,2";
			};
			name = Debug;
		};
		FF731B772F96EF8E002AC47D /* Release */ = {
			isa = XCBuildConfiguration;
			buildSettings = {
				ASSETCATALOG_COMPILER_APPICON_NAME = AppIcon;
				ASSETCATALOG_COMPILER_GLOBAL_ACCENT_COLOR_NAME = AccentColor;
				CODE_SIGN_STYLE = Automatic;
				CURRENT_PROJECT_VERSION = 1;
				DEVELOPMENT_TEAM = S9M98WPW23;
				GENERATE_INFOPLIST_FILE = YES;
				INFOPLIST_FILE = "iOS (App)/Info.plist";
				INFOPLIST_KEY_CFBundleDisplayName = FontSource;
				INFOPLIST_KEY_UIApplicationSupportsIndirectInputEvents = YES;
				INFOPLIST_KEY_UILaunchStoryboardName = LaunchScreen;
				INFOPLIST_KEY_UIMainStoryboardFile = Main;
				INFOPLIST_KEY_UISupportedInterfaceOrientations = "UIInterfaceOrientationPortrait UIInterfaceOrientationLandscapeLeft UIInterfaceOrientationLandscapeRight";
				INFOPLIST_KEY_UISupportedInterfaceOrientations_iPad = "UIInterfaceOrientationPortrait UIInterfaceOrientationPortraitUpsideDown UIInterfaceOrientationLandscapeLeft UIInterfaceOrientationLandscapeRight";
				IPHONEOS_DEPLOYMENT_TARGET = 15.0;
				LD_RUNPATH_SEARCH_PATHS = (
					"$(inherited)",
					"@executable_path/Frameworks",
				);
				MARKETING_VERSION = 1.0;
				OTHER_LDFLAGS = (
					"-framework",
					SafariServices,
					"-framework",
					WebKit,
				);
				PRODUCT_BUNDLE_IDENTIFIER = com.raminfiroozye.FontSource;
				PRODUCT_NAME = FontSource;
				SDKROOT = iphoneos;
				STRING_CATALOG_GENERATE_SYMBOLS = YES;
				SWIFT_APPROACHABLE_CONCURRENCY = YES;
				SWIFT_DEFAULT_ACTOR_ISOLATION = MainActor;
				SWIFT_EMIT_LOC_STRINGS = YES;
				SWIFT_UPCOMING_FEATURE_MEMBER_IMPORT_VISIBILITY = YES;
				SWIFT_VERSION = 5.0;
				TARGETED_DEVICE_FAMILY = "1,2";
				VALIDATE_PRODUCT = YES;
			};
			name = Release;
		};
		FF731B792F96EF8E002AC47D /* Debug */ = {
			isa = XCBuildConfiguration;
			buildSettings = {
				CODE_SIGN_STYLE = Automatic;
				CURRENT_PROJECT_VERSION = 1;
				ENABLE_APP_SANDBOX = YES;
				ENABLE_HARDENED_RUNTIME = YES;
				ENABLE_USER_SELECTED_FILES = readonly;
				GENERATE_INFOPLIST_FILE = YES;
				INFOPLIST_FILE = "macOS (Extension)/Info.plist";
				INFOPLIST_KEY_CFBundleDisplayName = "FontSource Extension";
				INFOPLIST_KEY_NSHumanReadableCopyright = "";
				LD_RUNPATH_SEARCH_PATHS = (
					"$(inherited)",
					"@executable_path/../Frameworks",
					"@executable_path/../../../../Frameworks",
				);
				MACOSX_DEPLOYMENT_TARGET = 10.14;
				MARKETING_VERSION = 1.0;
				OTHER_LDFLAGS = (
					"-framework",
					SafariServices,
				);
				PRODUCT_BUNDLE_IDENTIFIER = com.yourCompany.FontSource.Extension;
				PRODUCT_NAME = "FontSource Extension";
				SDKROOT = macosx;
				SKIP_INSTALL = YES;
				STRING_CATALOG_GENERATE_SYMBOLS = YES;
				SWIFT_APPROACHABLE_CONCURRENCY = YES;
				SWIFT_EMIT_LOC_STRINGS = YES;
				SWIFT_UPCOMING_FEATURE_MEMBER_IMPORT_VISIBILITY = YES;
				SWIFT_VERSION = 5.0;
			};
			name = Debug;
		};
		FF731B7A2F96EF8E002AC47D /* Release */ = {
			isa = XCBuildConfiguration;
			buildSettings = {
				CODE_SIGN_STYLE = Automatic;
				CURRENT_PROJECT_VERSION = 1;
				ENABLE_APP_SANDBOX = YES;
				ENABLE_HARDENED_RUNTIME = YES;
				ENABLE_USER_SELECTED_FILES = readonly;
				GENERATE_INFOPLIST_FILE = YES;
				INFOPLIST_FILE = "macOS (Extension)/Info.plist";
				INFOPLIST_KEY_CFBundleDisplayName = "FontSource Extension";
				INFOPLIST_KEY_NSHumanReadableCopyright = "";
				LD_RUNPATH_SEARCH_PATHS = (
					"$(inherited)",
					"@executable_path/../Frameworks",
					"@executable_path/../../../../Frameworks",
				);
				MACOSX_DEPLOYMENT_TARGET = 10.14;
				MARKETING_VERSION = 1.0;
				OTHER_LDFLAGS = (
					"-framework",
					SafariServices,
				);
				PRODUCT_BUNDLE_IDENTIFIER = com.yourCompany.FontSource.Extension;
				PRODUCT_NAME = "FontSource Extension";
				SDKROOT = macosx;
				SKIP_INSTALL = YES;
				STRING_CATALOG_GENERATE_SYMBOLS = YES;
				SWIFT_APPROACHABLE_CONCURRENCY = YES;
				SWIFT_EMIT_LOC_STRINGS = YES;
				SWIFT_UPCOMING_FEATURE_MEMBER_IMPORT_VISIBILITY = YES;
				SWIFT_VERSION = 5.0;
			};
			name = Release;
		};
		FF731B7D2F96EF8E002AC47D /* Debug */ = {
			isa = XCBuildConfiguration;
			buildSettings = {
				ASSETCATALOG_COMPILER_APPICON_NAME = AppIcon;
				ASSETCATALOG_COMPILER_GLOBAL_ACCENT_COLOR_NAME = AccentColor;
				CODE_SIGN_STYLE = Automatic;
				CURRENT_PROJECT_VERSION = 1;
				ENABLE_APP_SANDBOX = YES;
				ENABLE_HARDENED_RUNTIME = YES;
				ENABLE_OUTGOING_NETWORK_CONNECTIONS = YES;
				ENABLE_USER_SELECTED_FILES = readonly;
				GENERATE_INFOPLIST_FILE = YES;
				INFOPLIST_FILE = "macOS (App)/Info.plist";
				INFOPLIST_KEY_CFBundleDisplayName = FontSource;
				INFOPLIST_KEY_NSMainStoryboardFile = Main;
				INFOPLIST_KEY_NSPrincipalClass = NSApplication;
				LD_RUNPATH_SEARCH_PATHS = (
					"$(inherited)",
					"@executable_path/../Frameworks",
				);
				MACOSX_DEPLOYMENT_TARGET = 10.14;
				MARKETING_VERSION = 1.0;
				OTHER_LDFLAGS = (
					"-framework",
					SafariServices,
					"-framework",
					WebKit,
				);
				PRODUCT_BUNDLE_IDENTIFIER = com.yourCompany.FontSource;
				PRODUCT_NAME = FontSource;
				REGISTER_APP_GROUPS = YES;
				SDKROOT = macosx;
				STRING_CATALOG_GENERATE_SYMBOLS = YES;
				SWIFT_APPROACHABLE_CONCURRENCY = YES;
				SWIFT_DEFAULT_ACTOR_ISOLATION = MainActor;
				SWIFT_EMIT_LOC_STRINGS = YES;
				SWIFT_UPCOMING_FEATURE_MEMBER_IMPORT_VISIBILITY = YES;
				SWIFT_VERSION = 5.0;
			};
			name = Debug;
		};
		FF731B7E2F96EF8E002AC47D /* Release */ = {
			isa = XCBuildConfiguration;
			buildSettings = {
				ASSETCATALOG_COMPILER_APPICON_NAME = AppIcon;
				ASSETCATALOG_COMPILER_GLOBAL_ACCENT_COLOR_NAME = AccentColor;
				CODE_SIGN_STYLE = Automatic;
				CURRENT_PROJECT_VERSION = 1;
				ENABLE_APP_SANDBOX = YES;
				ENABLE_HARDENED_RUNTIME = YES;
				ENABLE_OUTGOING_NETWORK_CONNECTIONS = YES;
				ENABLE_USER_SELECTED_FILES = readonly;
				GENERATE_INFOPLIST_FILE = YES;
				INFOPLIST_FILE = "macOS (App)/Info.plist";
				INFOPLIST_KEY_CFBundleDisplayName = FontSource;
				INFOPLIST_KEY_NSMainStoryboardFile = Main;
				INFOPLIST_KEY_NSPrincipalClass = NSApplication;
				LD_RUNPATH_SEARCH_PATHS = (
					"$(inherited)",
					"@executable_path/../Frameworks",
				);
				MACOSX_DEPLOYMENT_TARGET = 10.14;
				MARKETING_VERSION = 1.0;
				OTHER_LDFLAGS = (
					"-framework",
					SafariServices,
					"-framework",
					WebKit,
				);
				PRODUCT_BUNDLE_IDENTIFIER = com.yourCompany.FontSource;
				PRODUCT_NAME = FontSource;
				REGISTER_APP_GROUPS = YES;
				SDKROOT = macosx;
				STRING_CATALOG_GENERATE_SYMBOLS = YES;
				SWIFT_APPROACHABLE_CONCURRENCY = YES;
				SWIFT_DEFAULT_ACTOR_ISOLATION = MainActor;
				SWIFT_EMIT_LOC_STRINGS = YES;
				SWIFT_UPCOMING_FEATURE_MEMBER_IMPORT_VISIBILITY = YES;
				SWIFT_VERSION = 5.0;
			};
			name = Release;
		};
/* End XCBuildConfiguration section */

/* Begin XCConfigurationList section */
		FF731B232F96EF8C002AC47D /* Build configuration list for PBXProject "FontSource" */ = {
			isa = XCConfigurationList;
			buildConfigurations = (
				FF731B6F2F96EF8E002AC47D /* Debug */,
				FF731B702F96EF8E002AC47D /* Release */,
			);
			defaultConfigurationIsVisible = 0;
			defaultConfigurationName = Release;
		};
		FF731B712F96EF8E002AC47D /* Build configuration list for PBXNativeTarget "FontSource Extension (iOS)" */ = {
			isa = XCConfigurationList;
			buildConfigurations = (
				FF731B722F96EF8E002AC47D /* Debug */,
				FF731B732F96EF8E002AC47D /* Release */,
			);
			defaultConfigurationIsVisible = 0;
			defaultConfigurationName = Release;
		};
		FF731B752F96EF8E002AC47D /* Build configuration list for PBXNativeTarget "FontSource (iOS)" */ = {
			isa = XCConfigurationList;
			buildConfigurations = (
				FF731B762F96EF8E002AC47D /* Debug */,
				FF731B772F96EF8E002AC47D /* Release */,
			);
			defaultConfigurationIsVisible = 0;
			defaultConfigurationName = Release;
		};
		FF731B782F96EF8E002AC47D /* Build configuration list for PBXNativeTarget "FontSource Extension (macOS)" */ = {
			isa = XCConfigurationList;
			buildConfigurations = (
				FF731B792F96EF8E002AC47D /* Debug */,
				FF731B7A2F96EF8E002AC47D /* Release */,
			);
			defaultConfigurationIsVisible = 0;
			defaultConfigurationName = Release;
		};
		FF731B7C2F96EF8E002AC47D /* Build configuration list for PBXNativeTarget "FontSource (macOS)" */ = {
			isa = XCConfigurationList;
			buildConfigurations = (
				FF731B7D2F96EF8E002AC47D /* Debug */,
				FF731B7E2F96EF8E002AC47D /* Release */,
			);
			defaultConfigurationIsVisible = 0;
			defaultConfigurationName = Release;
		};
/* End XCConfigurationList section */
	};
	rootObject = FF731B202F96EF8C002AC47D /* Project object */;
}
